{
  "version": 4,
  "terraform_version": "1.11.4",
  "serial": 118,
  "lineage": "cf42af2f-8e6e-6fc6-fa3a-19d34f41b50b",
  "outputs": {
    "database_connection_string": {
      "value": "jdbc:mysql://customers-service-db.cr2w2gggix14.ap-south-1.rds.amazonaws.com:3306:3306/customersDB",
      "type": "string"
    },
    "database_credentials": {
      "value": {
        "database": "customersDB",
        "password": "password123",
        "username": "root"
      },
      "type": [
        "object",
        {
          "database": "string",
          "password": "string",
          "username": "string"
        }
      ],
      "sensitive": true
    },
    "rds_endpoint": {
      "value": "customers-service-db.cr2w2gggix14.ap-south-1.rds.amazonaws.com:3306",
      "type": "string"
    },
    "service_url": {
      "value": "http://customers-service-nlb-29d26182b333e28d.elb.ap-south-1.amazonaws.com:8080",
      "type": "string"
    },
    "vpn_ca_certificate": {
      "value": "-----BEGIN CERTIFICATE-----\nMIIDQjCCAiqgAwIBAgIQQmt3tlSzROkv5CCJkj4KbjANBgkqhkiG9w0BAQsFADA7\nMRowGAYDVQQKExFjdXN0b21lcnMtc2VydmljZTEdMBsGA1UEAxMUY3VzdG9tZXJz\nLXNlcnZpY2UtY2EwHhcNMjUwODE2MDU1MzQ5WhcNMjYwODE2MDU1MzQ5WjA7MRow\nGAYDVQQKExFjdXN0b21lcnMtc2VydmljZTEdMBsGA1UEAxMUY3VzdG9tZXJzLXNl\ncnZpY2UtY2EwggEiMA0GCSqGSIb3DQEBAQUAA4IBDwAwggEKAoIBAQC7MKrmyx9h\nPJkfycg5kOYdTryeBWEluKQzkvy6+apGFpZ/1risC0XGU7yByxU91blwjK6runFT\nHnJmw8v5F+FnlvMxtSLPhMgJJf/9NlcPEW/UDgpGU0FoqULyCzVLHrSMQGzTWP2z\nEYoND3m91UzMc9SzZ1HLR6yUX93wny9N0Sr3iDss/QcRwqtAIUW8foxqAsRT6O5B\npQaD+PP8PDntOjl5Nv5SVwn2Xd4Ti+7vpkqqMXEs7q7rnQKrPv5hUNMZKPF0+ati\nYIrwXYvluypUFMRNli92BrnkjRbTf4mvdhMrFrry+21VnPXRk3YN2Xus/8yIoI0o\nGZ1Jzawjn1dbAgMBAAGjQjBAMA4GA1UdDwEB/wQEAwICpDAPBgNVHRMBAf8EBTAD\nAQH/MB0GA1UdDgQWBBSPej4ieycYP/Vz26zNNACqttOZyzANBgkqhkiG9w0BAQsF\nAAOCAQEAm0aRQ+BVhRDFVpjzMRuH+K44Sbtnv6ffoRqRfbz//wn+l4dCYWuWh2et\n3MuKM8ooixFw37cyNk7BhhvyTnW+PMuWE/HD/FmJTdtXg614DRPKGYCXBJze9kHO\nc30InhJ0/85HVKBPc37QlsXbpS4hanCBoyKwO3czY5zSUUF+ZtZHB0mKrubmrc7x\nbOh/VB+zvR8tPISx1puEXlPqUsieptzk/FErpQdwslxmE/YbiYOs7Yh1PyvgLtje\nRHEMtNAzD3qxkqKE5ezs7nTgCG6EvBkOzU1UCkfDM6AC+rAMxdApRmxWPG9l6dGK\ngjsEirxVOJ+HsEXh2mMuH1HNnk4Qdg==\n-----END CERTIFICATE-----\n",
      "type": "string",
      "sensitive": true
    },
    "vpn_client_certificate": {
      "value": "-----BEGIN CERTIFICATE-----\nMIIDjDCCAnSgAwIBAgIQYY2XJR2a0W2JrneEJTrGDzANBgkqhkiG9w0BAQsFADA7\nMRowGAYDVQQKExFjdXN0b21lcnMtc2VydmljZTEdMBsGA1UEAxMUY3VzdG9tZXJz\nLXNlcnZpY2UtY2EwHhcNMjUwODE2MDU1MzQ5WhcNMjYwODE2MDU1MzQ5WjBFMRow\nGAYDVQQKExFjdXN0b21lcnMtc2VydmljZTEnMCUGA1UEAxMeY3VzdG9tZXJzLXNl\ncnZpY2UtY2xpZW50LmxvY2FsMIIBIjANBgkqhkiG9w0BAQEFAAOCAQ8AMIIBCgKC\nAQEA904M9P8i5t1WFTcVByFxR1KVxSNeZCI9DhY8Dt2EExcgopq26QD4KJfupM6d\nxfp6sF9yHXi27KOLWgAzkMvBfFbzYhI0KQYSCgjuKjSSiNZbOBX2liujd9CBlMVC\nBUj+hRpbQ0/J/VXLWsxd1NzDwfVa7snAGRdX35uz1I/0sJtKf+xwCuXujQ/mi1W0\nGSdAvHaPtMVIt5g76b7Hw+p54x3wRphX3m7JV/1ZFLbxMqc85oTzuqE/DJdT/Idl\ng/S8CnexiMR/x6sRhI4lr6q4j5Zqzh7CtccRWYp1AbZ+aKN3XUoOFxicNHI/eC77\nSrLZP4IqeWs2uaHW0hjfimpwuQIDAQABo4GBMH8wDgYDVR0PAQH/BAQDAgWgMBMG\nA1UdJQQMMAoGCCsGAQUFBwMCMAwGA1UdEwEB/wQCMAAwHwYDVR0jBBgwFoAUj3o+\nInsnGD/1c9uszTQAqrbTmcswKQYDVR0RBCIwIIIeY3VzdG9tZXJzLXNlcnZpY2Ut\nY2xpZW50LmxvY2FsMA0GCSqGSIb3DQEBCwUAA4IBAQB9WSUBSmMWNqg9deOyzLn+\nz53WM1WGp0Ornqh4jltx1KSyk3hff6ZOSiylBroOxMcbDWyy9DZqnnZ+/KMvVn5j\nXfY/UM6P8b05ZlcIY9/3DnJ9psFmJaL3IQDxEYnIOaMgrOEwa/AwFZRzGVvtCUdJ\nbGHz0WEvZR0R+8+lLxXpKkgcUeASm2M8yb5gGHQjfaYCvlxFidBPWj/+wuz/Yl4o\nl4Fl6Qsop6BvBYtUWiJnZ9hHqDPmLRHOpNanKXLba3rr5pDJcNblDfGpjYhPHJKj\nTq3XZWbVtL0R6SHTp0jK8uZJFqrApXcJ/aTsbTA9CbxuWsRiFzFce2kpIJmm1yDO\n-----END CERTIFICATE-----\n",
      "type": "string",
      "sensitive": true
    },
    "vpn_client_private_key": {
      "value": "-----BEGIN RSA PRIVATE KEY-----\nMIIEpAIBAAKCAQEA904M9P8i5t1WFTcVByFxR1KVxSNeZCI9DhY8Dt2EExcgopq2\n6QD4KJfupM6dxfp6sF9yHXi27KOLWgAzkMvBfFbzYhI0KQYSCgjuKjSSiNZbOBX2\nliujd9CBlMVCBUj+hRpbQ0/J/VXLWsxd1NzDwfVa7snAGRdX35uz1I/0sJtKf+xw\nCuXujQ/mi1W0GSdAvHaPtMVIt5g76b7Hw+p54x3wRphX3m7JV/1ZFLbxMqc85oTz\nuqE/DJdT/Idlg/S8CnexiMR/x6sRhI4lr6q4j5Zqzh7CtccRWYp1AbZ+aKN3XUoO\nFxicNHI/eC77SrLZP4IqeWs2uaHW0hjfimpwuQIDAQABAoIBACHi2/umCg5APc9i\nYMs9VdxEAKmmkwR9fIg1m70dtT84aAxfzrhWnapSRyzl8tBx5eXM7kIDjG0Ya7vF\nU0t/3989utOxUtxcLJSbbKbz1TBSzuT8fXFOQXPlahwMe2NmARoT5nVutWq1Gswy\nPJkyNtCY4gDePCgz/qJxH078+rZIDBNwax/aV6jG+ezmUhTdXFgkQhAOebsaPsRK\nVMJGkyXY8aPfmv/pw0+/juLq5yJy+WbntfnDIz7a9ctcSZgU7Z0whdhKext6hVLY\nM8YmdpZvZkrDQHx9Sw/4eGuh3uWXdVYrpuhkY3EXaxGli8mm5+q5P3GclbvS4jH4\nBRO/ktECgYEA+GRj1ncQhID6x2lVQNPQ01jkmBJTojVJlhUDVZC06TbeQV5gyNQA\nixnVJBDsDpqi9n1CphVpjuFAEguOQvy0/rN+xLOmRg54KE2pfaliW1N8mq+zJALe\n0h8ntCkyE7HyG+XlDddxXFyH1nJQlRDujsjC1DayS8qY/p8MfAWBBHMCgYEA/uEi\nsm20llD/CVs9B6YNTIFQrbu+V6shjVskx+8m0IStZVVsYycH3YBTzlDwzIwY6z8m\nVy6X5tjyjK36P3tRXbii2+7EC0HDBgaAHsco3tzUAVGTjV+dHPuRYYNFSRb7ZOJx\nDrq2iMf72jm8Q1rff+XlBP0pmWPI7fR/BGx9lyMCgYEA8H9S4y35AjJXnYfxEYmE\noX1qJ4tnCqEJlJTX25r2bu+/Fg+pKgmKVSQ36GmyBRnYO0xgoaoNwFd7z3z8ywMe\nw5VLYmyGy0HrOSqotpCwOLiG5sbDblSRJWUg7iEM6WDbiAN5WYOFsOWuaAXa29m/\nAOSFLy+eRh/tLmsUjWhO2N0CgYBootKUv9cIct4Q4EUQ08nX46rUeCPvZ9ERcB6M\nehDMP/vTgxtJJWfkNl+xbqc8wjMkuLsrxXQVEHGa8X2v/BduS3OIqOAQ4wGGgrqs\naATOYYgjtnLF8j/U+y43AyY5mFbClvflHR/8zWUGtPcmC7N/lUjNIIWodD+z+NEA\nZu20UwKBgQCdD3xBnPkSi/KGvNiadjNxiTJSwQuzHpGnDbvb7JHWEkXb0vL/dx+e\nqN3QRKjHuQhUM/d61hpHuhwuCNGowb7/PTjBxa61fzn3k2+ocrpCOKhX4JR4Xghy\ns8S9OFylK5LUfV1l4bVJtF3qdF0xtNEIAHDqnMzxDFHfR2HBTEgFfw==\n-----END RSA PRIVATE KEY-----\n",
      "type": "string",
      "sensitive": true
    },
    "vpn_endpoint_id": {
      "value": "cvpn-endpoint-036745378d7f38b47",
      "type": "string"
    }
  },
  "resources": [
    {
      "module": "module.ecs",
      "mode": "managed",
      "type": "aws_cloudwatch_log_group",
      "name": "ecs",
      "provider": "provider[\"registry.terraform.io/hashicorp/aws\"]",
      "instances": [
        {
          "schema_version": 0,
          "attributes": {
            "arn": "arn:aws:logs:ap-south-1:610964304957:log-group:/ecs/customers-service",
            "id": "/ecs/customers-service",
            "kms_key_id": "",
            "log_group_class": "STANDARD",
            "name": "/ecs/customers-service",
            "name_prefix": "",
            "retention_in_days": 7,
            "skip_destroy": false,
            "tags": {},
            "tags_all": {}
          },
          "sensitive_attributes": [],
          "private": "bnVsbA=="
        }
      ]
    },
    {
      "module": "module.ecs",
      "mode": "managed",
      "type": "aws_ecs_cluster",
      "name": "main",
      "provider": "provider[\"registry.terraform.io/hashicorp/aws\"]",
      "instances": [
        {
          "schema_version": 0,
          "attributes": {
            "arn": "arn:aws:ecs:ap-south-1:610964304957:cluster/customers-service-cluster",
            "configuration": [],
            "id": "arn:aws:ecs:ap-south-1:610964304957:cluster/customers-service-cluster",
            "name": "customers-service-cluster",
            "service_connect_defaults": [],
            "setting": [
              {
                "name": "containerInsights",
                "value": "disabled"
              }
            ],
            "tags": {},
            "tags_all": {}
          },
          "sensitive_attributes": [],
          "private": "bnVsbA=="
        }
      ]
    },
    {
      "module": "module.ecs",
      "mode": "managed",
      "type": "aws_ecs_service",
      "name": "app",
      "provider": "provider[\"registry.terraform.io/hashicorp/aws\"]",
      "instances": [
        {
          "schema_version": 1,
          "attributes": {
            "alarms": [],
            "availability_zone_rebalancing": "DISABLED",
            "capacity_provider_strategy": [],
            "cluster": "arn:aws:ecs:ap-south-1:610964304957:cluster/customers-service-cluster",
            "deployment_circuit_breaker": [
              {
                "enable": false,
                "rollback": false
              }
            ],
            "deployment_controller": [
              {
                "type": "ECS"
              }
            ],
            "deployment_maximum_percent": 200,
            "deployment_minimum_healthy_percent": 100,
            "desired_count": 1,
            "enable_ecs_managed_tags": false,
            "enable_execute_command": false,
            "force_delete": null,
            "force_new_deployment": null,
            "health_check_grace_period_seconds": 0,
            "iam_role": "/aws-service-role/ecs.amazonaws.com/AWSServiceRoleForECS",
            "id": "arn:aws:ecs:ap-south-1:610964304957:service/customers-service-cluster/customers-service",
            "launch_type": "FARGATE",
            "load_balancer": [
              {
                "container_name": "customers-service",
                "container_port": 8080,
                "elb_name": "",
                "target_group_arn": "arn:aws:elasticloadbalancing:ap-south-1:610964304957:targetgroup/customers-service-tg/1e90a291a3decccf"
              }
            ],
            "name": "customers-service",
            "network_configuration": [
              {
                "assign_public_ip": false,
                "security_groups": [
                  "sg-0e3b18d45a8dd602d"
                ],
                "subnets": [
                  "subnet-09419445242bac077",
                  "subnet-0ab09c41b3a163967"
                ]
              }
            ],
            "ordered_placement_strategy": [],
            "placement_constraints": [],
            "platform_version": "LATEST",
            "propagate_tags": "NONE",
            "scheduling_strategy": "REPLICA",
            "service_connect_configuration": [],
            "service_registries": [],
            "tags": {},
            "tags_all": {},
            "task_definition": "arn:aws:ecs:ap-south-1:610964304957:task-definition/customers-service:3",
            "timeouts": null,
            "triggers": {},
            "volume_configuration": [],
            "vpc_lattice_configurations": [],
            "wait_for_steady_state": false
          },
          "sensitive_attributes": [],
          "private": "eyJlMmJmYjczMC1lY2FhLTExZTYtOGY4OC0zNDM2M2JjN2M0YzAiOnsiY3JlYXRlIjoxMjAwMDAwMDAwMDAwLCJkZWxldGUiOjEyMDAwMDAwMDAwMDAsInVwZGF0ZSI6MTIwMDAwMDAwMDAwMH0sInNjaGVtYV92ZXJzaW9uIjoiMSJ9",
          "dependencies": [
            "module.ecs.aws_cloudwatch_log_group.ecs",
            "module.ecs.aws_ecs_cluster.main",
            "module.ecs.aws_ecs_task_definition.app",
            "module.ecs.aws_iam_role.ecs_execution",
            "module.ecs.aws_lb.app",
            "module.ecs.aws_lb_listener.app",
            "module.ecs.aws_lb_target_group.app",
            "module.ecs.aws_security_group.ecs",
            "module.rds.aws_db_instance.mysql",
            "module.rds.aws_db_subnet_group.main",
            "module.rds.aws_security_group.rds",
            "module.vpc.aws_subnet.private_1",
            "module.vpc.aws_subnet.private_2",
            "module.vpc.aws_vpc.main",
            "module.vpc.data.aws_availability_zones.available"
          ]
        }
      ]
    },
    {
      "module": "module.ecs",
      "mode": "managed",
      "type": "aws_ecs_task_definition",
      "name": "app",
      "provider": "provider[\"registry.terraform.io/hashicorp/aws\"]",
      "instances": [
        {
          "schema_version": 1,
          "attributes": {
            "arn": "arn:aws:ecs:ap-south-1:610964304957:task-definition/customers-service:3",
            "arn_without_revision": "arn:aws:ecs:ap-south-1:610964304957:task-definition/customers-service",
            "container_definitions": "[{\"environment\":[{\"name\":\"SPRING_DATASOURCE_PASSWORD\",\"value\":\"password123\"},{\"name\":\"SPRING_DATASOURCE_URL\",\"value\":\"jdbc:mysql://customers-service-db.cr2w2gggix14.ap-south-1.rds.amazonaws.com:3306/customersDB\"},{\"name\":\"SPRING_DATASOURCE_USERNAME\",\"value\":\"root\"},{\"name\":\"SPRING_PROFILES_ACTIVE\",\"value\":\"mysql\"}],\"essential\":true,\"image\":\"vikramsvk1/customer_service:mysql\",\"logConfiguration\":{\"logDriver\":\"awslogs\",\"options\":{\"awslogs-group\":\"/ecs/customers-service\",\"awslogs-region\":\"ap-south-1\",\"awslogs-stream-prefix\":\"ecs\"}},\"mountPoints\":[],\"name\":\"customers-service\",\"portMappings\":[{\"containerPort\":8080,\"hostPort\":8080,\"protocol\":\"tcp\"}],\"systemControls\":[],\"volumesFrom\":[]}]",
            "cpu": "256",
            "enable_fault_injection": false,
            "ephemeral_storage": [],
            "execution_role_arn": "arn:aws:iam::610964304957:role/customers-service-ecs-execution",
            "family": "customers-service",
            "id": "customers-service",
            "inference_accelerator": [],
            "ipc_mode": "",
            "memory": "512",
            "network_mode": "awsvpc",
            "pid_mode": "",
            "placement_constraints": [],
            "proxy_configuration": [],
            "requires_compatibilities": [
              "FARGATE"
            ],
            "revision": 3,
            "runtime_platform": [],
            "skip_destroy": false,
            "tags": {},
            "tags_all": {},
            "task_role_arn": "",
            "track_latest": false,
            "volume": []
          },
          "sensitive_attributes": [
            [
              {
                "type": "get_attr",
                "value": "container_definitions"
              }
            ]
          ],
          "private": "eyJzY2hlbWFfdmVyc2lvbiI6IjEifQ==",
          "dependencies": [
            "module.ecs.aws_cloudwatch_log_group.ecs",
            "module.ecs.aws_iam_role.ecs_execution",
            "module.ecs.aws_security_group.ecs",
            "module.rds.aws_db_instance.mysql",
            "module.rds.aws_db_subnet_group.main",
            "module.rds.aws_security_group.rds",
            "module.vpc.aws_subnet.private_1",
            "module.vpc.aws_subnet.private_2",
            "module.vpc.aws_vpc.main",
            "module.vpc.data.aws_availability_zones.available"
          ]
        }
      ]
    },
    {
      "module": "module.ecs",
      "mode": "managed",
      "type": "aws_iam_role",
      "name": "ecs_execution",
      "provider": "provider[\"registry.terraform.io/hashicorp/aws\"]",
      "instances": [
        {
          "schema_version": 0,
          "attributes": {
            "arn": "arn:aws:iam::610964304957:role/customers-service-ecs-execution",
            "assume_role_policy": "{\"Statement\":[{\"Action\":\"sts:AssumeRole\",\"Effect\":\"Allow\",\"Principal\":{\"Service\":\"ecs-tasks.amazonaws.com\"}}],\"Version\":\"2012-10-17\"}",
            "create_date": "2025-08-16T01:59:23Z",
            "description": "",
            "force_detach_policies": false,
            "id": "customers-service-ecs-execution",
            "inline_policy": [],
            "managed_policy_arns": [
              "arn:aws:iam::aws:policy/service-role/AmazonECSTaskExecutionRolePolicy"
            ],
            "max_session_duration": 3600,
            "name": "customers-service-ecs-execution",
            "name_prefix": "",
            "path": "/",
            "permissions_boundary": "",
            "tags": {},
            "tags_all": {},
            "unique_id": "AROAY4QCPOQ6QCQHATQOQ"
          },
          "sensitive_attributes": [],
          "private": "bnVsbA=="
        }
      ]
    },
    {
      "module": "module.ecs",
      "mode": "managed",
      "type": "aws_iam_role_policy_attachment",
      "name": "ecs_execution",
      "provider": "provider[\"registry.terraform.io/hashicorp/aws\"]",
      "instances": [
        {
          "schema_version": 0,
          "attributes": {
            "id": "customers-service-ecs-execution-20250816015922611600000002",
            "policy_arn": "arn:aws:iam::aws:policy/service-role/AmazonECSTaskExecutionRolePolicy",
            "role": "customers-service-ecs-execution"
          },
          "sensitive_attributes": [],
          "private": "bnVsbA==",
          "dependencies": [
            "module.ecs.aws_iam_role.ecs_execution"
          ]
        }
      ]
    },
    {
      "module": "module.ecs",
      "mode": "managed",
      "type": "aws_lb",
      "name": "app",
      "provider": "provider[\"registry.terraform.io/hashicorp/aws\"]",
      "instances": [
        {
          "schema_version": 0,
          "attributes": {
            "access_logs": [
              {
                "bucket": "",
                "enabled": false,
                "prefix": ""
              }
            ],
            "arn": "arn:aws:elasticloadbalancing:ap-south-1:610964304957:loadbalancer/net/customers-service-nlb/29d26182b333e28d",
            "arn_suffix": "net/customers-service-nlb/29d26182b333e28d",
            "client_keep_alive": null,
            "connection_logs": [],
            "customer_owned_ipv4_pool": "",
            "desync_mitigation_mode": null,
            "dns_name": "customers-service-nlb-29d26182b333e28d.elb.ap-south-1.amazonaws.com",
            "dns_record_client_routing_policy": "any_availability_zone",
            "drop_invalid_header_fields": null,
            "enable_cross_zone_load_balancing": false,
            "enable_deletion_protection": false,
            "enable_http2": null,
            "enable_tls_version_and_cipher_suite_headers": null,
            "enable_waf_fail_open": null,
            "enable_xff_client_port": null,
            "enable_zonal_shift": false,
            "enforce_security_group_inbound_rules_on_private_link_traffic": "",
            "id": "arn:aws:elasticloadbalancing:ap-south-1:610964304957:loadbalancer/net/customers-service-nlb/29d26182b333e28d",
            "idle_timeout": null,
            "internal": true,
            "ip_address_type": "ipv4",
            "ipam_pools": [],
            "load_balancer_type": "network",
            "minimum_load_balancer_capacity": [],
            "name": "customers-service-nlb",
            "name_prefix": "",
            "preserve_host_header": null,
            "security_groups": [],
            "subnet_mapping": [
              {
                "allocation_id": "",
                "ipv6_address": "",
                "outpost_id": "",
                "private_ipv4_address": "",
                "subnet_id": "subnet-09419445242bac077"
              },
              {
                "allocation_id": "",
                "ipv6_address": "",
                "outpost_id": "",
                "private_ipv4_address": "",
                "subnet_id": "subnet-0ab09c41b3a163967"
              }
            ],
            "subnets": [
              "subnet-09419445242bac077",
              "subnet-0ab09c41b3a163967"
            ],
            "tags": {},
            "tags_all": {},
            "timeouts": null,
            "vpc_id": "vpc-0ed62adc254b263f5",
            "xff_header_processing_mode": null,
            "zone_id": "ZVDDRBQ08TROA"
          },
          "sensitive_attributes": [],
          "private": "eyJlMmJmYjczMC1lY2FhLTExZTYtOGY4OC0zNDM2M2JjN2M0YzAiOnsiY3JlYXRlIjo2MDAwMDAwMDAwMDAsImRlbGV0ZSI6NjAwMDAwMDAwMDAwLCJ1cGRhdGUiOjYwMDAwMDAwMDAwMH19",
          "dependencies": [
            "module.vpc.aws_subnet.private_1",
            "module.vpc.aws_subnet.private_2",
            "module.vpc.aws_vpc.main",
            "module.vpc.data.aws_availability_zones.available"
          ]
        }
      ]
    },
    {
      "module": "module.ecs",
      "mode": "managed",
      "type": "aws_lb_listener",
      "name": "app",
      "provider": "provider[\"registry.terraform.io/hashicorp/aws\"]",
      "instances": [
        {
          "schema_version": 0,
          "attributes": {
            "alpn_policy": null,
            "arn": "arn:aws:elasticloadbalancing:ap-south-1:610964304957:listener/net/customers-service-nlb/29d26182b333e28d/718d122672ee0c03",
            "certificate_arn": null,
            "default_action": [
              {
                "authenticate_cognito": [],
                "authenticate_oidc": [],
                "fixed_response": [],
                "forward": [],
                "order": 1,
                "redirect": [],
                "target_group_arn": "arn:aws:elasticloadbalancing:ap-south-1:610964304957:targetgroup/customers-service-tg/1e90a291a3decccf",
                "type": "forward"
              }
            ],
            "id": "arn:aws:elasticloadbalancing:ap-south-1:610964304957:listener/net/customers-service-nlb/29d26182b333e28d/718d122672ee0c03",
            "load_balancer_arn": "arn:aws:elasticloadbalancing:ap-south-1:610964304957:loadbalancer/net/customers-service-nlb/29d26182b333e28d",
            "mutual_authentication": [],
            "port": 8080,
            "protocol": "TCP",
            "routing_http_request_x_amzn_mtls_clientcert_header_name": null,
            "routing_http_request_x_amzn_mtls_clientcert_issuer_header_name": null,
            "routing_http_request_x_amzn_mtls_clientcert_leaf_header_name": null,
            "routing_http_request_x_amzn_mtls_clientcert_serial_number_header_name": null,
            "routing_http_request_x_amzn_mtls_clientcert_subject_header_name": null,
            "routing_http_request_x_amzn_mtls_clientcert_validity_header_name": null,
            "routing_http_request_x_amzn_tls_cipher_suite_header_name": null,
            "routing_http_request_x_amzn_tls_version_header_name": null,
            "routing_http_response_access_control_allow_credentials_header_value": null,
            "routing_http_response_access_control_allow_headers_header_value": null,
            "routing_http_response_access_control_allow_methods_header_value": null,
            "routing_http_response_access_control_allow_origin_header_value": null,
            "routing_http_response_access_control_expose_headers_header_value": null,
            "routing_http_response_access_control_max_age_header_value": null,
            "routing_http_response_content_security_policy_header_value": null,
            "routing_http_response_server_enabled": null,
            "routing_http_response_strict_transport_security_header_value": null,
            "routing_http_response_x_content_type_options_header_value": null,
            "routing_http_response_x_frame_options_header_value": null,
            "ssl_policy": "",
            "tags": {},
            "tags_all": {},
            "tcp_idle_timeout_seconds": 350,
            "timeouts": null
          },
          "sensitive_attributes": [],
          "private": "eyJlMmJmYjczMC1lY2FhLTExZTYtOGY4OC0zNDM2M2JjN2M0YzAiOnsiY3JlYXRlIjozMDAwMDAwMDAwMDAsInVwZGF0ZSI6MzAwMDAwMDAwMDAwfX0=",
          "dependencies": [
            "module.ecs.aws_lb.app",
            "module.ecs.aws_lb_target_group.app",
            "module.vpc.aws_subnet.private_1",
            "module.vpc.aws_subnet.private_2",
            "module.vpc.aws_vpc.main",
            "module.vpc.data.aws_availability_zones.available"
          ]
        }
      ]
    },
    {
      "module": "module.ecs",
      "mode": "managed",
      "type": "aws_lb_target_group",
      "name": "app",
      "provider": "provider[\"registry.terraform.io/hashicorp/aws\"]",
      "instances": [
        {
          "schema_version": 0,
          "attributes": {
            "arn": "arn:aws:elasticloadbalancing:ap-south-1:610964304957:targetgroup/customers-service-tg/1e90a291a3decccf",
            "arn_suffix": "targetgroup/customers-service-tg/1e90a291a3decccf",
            "connection_termination": false,
            "deregistration_delay": "300",
            "health_check": [
              {
                "enabled": true,
                "healthy_threshold": 2,
                "interval": 30,
                "matcher": "200",
                "path": "/actuator/health",
                "port": "traffic-port",
                "protocol": "HTTP",
                "timeout": 5,
                "unhealthy_threshold": 2
              }
            ],
            "id": "arn:aws:elasticloadbalancing:ap-south-1:610964304957:targetgroup/customers-service-tg/1e90a291a3decccf",
            "ip_address_type": "ipv4",
            "lambda_multi_value_headers_enabled": false,
            "load_balancer_arns": [
              "arn:aws:elasticloadbalancing:ap-south-1:610964304957:loadbalancer/net/customers-service-nlb/29d26182b333e28d"
            ],
            "load_balancing_algorithm_type": null,
            "load_balancing_anomaly_mitigation": null,
            "load_balancing_cross_zone_enabled": "use_load_balancer_configuration",
            "name": "customers-service-tg",
            "name_prefix": "",
            "port": 8080,
            "preserve_client_ip": "false",
            "protocol": "TCP",
            "protocol_version": null,
            "proxy_protocol_v2": false,
            "slow_start": 0,
            "stickiness": [
              {
                "cookie_duration": 0,
                "cookie_name": "",
                "enabled": false,
                "type": "source_ip"
              }
            ],
            "tags": {},
            "tags_all": {},
            "target_failover": [
              {
                "on_deregistration": null,
                "on_unhealthy": null
              }
            ],
            "target_group_health": [
              {
                "dns_failover": [
                  {
                    "minimum_healthy_targets_count": "1",
                    "minimum_healthy_targets_percentage": "off"
                  }
                ],
                "unhealthy_state_routing": [
                  {
                    "minimum_healthy_targets_count": 1,
                    "minimum_healthy_targets_percentage": "off"
                  }
                ]
              }
            ],
            "target_health_state": [
              {
                "enable_unhealthy_connection_termination": true,
                "unhealthy_draining_interval": 0
              }
            ],
            "target_type": "ip",
            "vpc_id": "vpc-0ed62adc254b263f5"
          },
          "sensitive_attributes": [],
          "private": "bnVsbA==",
          "dependencies": [
            "module.vpc.aws_vpc.main"
          ]
        }
      ]
    },
    {
      "module": "module.ecs",
      "mode": "managed",
      "type": "aws_security_group",
      "name": "ecs",
      "provider": "provider[\"registry.terraform.io/hashicorp/aws\"]",
      "instances": [
        {
          "schema_version": 1,
          "attributes": {
            "arn": "arn:aws:ec2:ap-south-1:610964304957:security-group/sg-0e3b18d45a8dd602d",
            "description": "Managed by Terraform",
            "egress": [
              {
                "cidr_blocks": [
                  "0.0.0.0/0"
                ],
                "description": "",
                "from_port": 0,
                "ipv6_cidr_blocks": [],
                "prefix_list_ids": [],
                "protocol": "-1",
                "security_groups": [],
                "self": false,
                "to_port": 0
              }
            ],
            "id": "sg-0e3b18d45a8dd602d",
            "ingress": [
              {
                "cidr_blocks": [
                  "10.0.0.0/16"
                ],
                "description": "",
                "from_port": 8080,
                "ipv6_cidr_blocks": [],
                "prefix_list_ids": [],
                "protocol": "tcp",
                "security_groups": [],
                "self": false,
                "to_port": 8080
              }
            ],
            "name": "customers-service-ecs20250816015931922700000003",
            "name_prefix": "customers-service-ecs",
            "owner_id": "610964304957",
            "revoke_rules_on_delete": false,
            "tags": {},
            "tags_all": {},
            "timeouts": null,
            "vpc_id": "vpc-0ed62adc254b263f5"
          },
          "sensitive_attributes": [],
          "private": "eyJlMmJmYjczMC1lY2FhLTExZTYtOGY4OC0zNDM2M2JjN2M0YzAiOnsiY3JlYXRlIjo2MDAwMDAwMDAwMDAsImRlbGV0ZSI6OTAwMDAwMDAwMDAwfSwic2NoZW1hX3ZlcnNpb24iOiIxIn0=",
          "dependencies": [
            "module.vpc.aws_vpc.main"
          ]
        }
      ]
    },
    {
      "module": "module.rds",
      "mode": "managed",
      "type": "aws_db_instance",
      "name": "mysql",
      "provider": "provider[\"registry.terraform.io/hashicorp/aws\"]",
      "instances": [
        {
          "schema_version": 2,
          "attributes": {
            "address": "customers-service-db.cr2w2gggix14.ap-south-1.rds.amazonaws.com",
            "allocated_storage": 20,
            "allow_major_version_upgrade": null,
            "apply_immediately": false,
            "arn": "arn:aws:rds:ap-south-1:610964304957:db:customers-service-db",
            "auto_minor_version_upgrade": true,
            "availability_zone": "ap-south-1a",
            "backup_retention_period": 0,
            "backup_target": "region",
            "backup_window": "19:47-20:17",
            "blue_green_update": [],
            "ca_cert_identifier": "rds-ca-rsa2048-g1",
            "character_set_name": "",
            "copy_tags_to_snapshot": false,
            "custom_iam_instance_profile": "",
            "customer_owned_ip_enabled": false,
            "database_insights_mode": "standard",
            "db_name": "customersDB",
            "db_subnet_group_name": "customers-service-db-subnet-group",
            "dedicated_log_volume": false,
            "delete_automated_backups": true,
            "deletion_protection": false,
            "domain": "",
            "domain_auth_secret_arn": "",
            "domain_dns_ips": [],
            "domain_fqdn": "",
            "domain_iam_role_name": "",
            "domain_ou": "",
            "enabled_cloudwatch_logs_exports": [],
            "endpoint": "customers-service-db.cr2w2gggix14.ap-south-1.rds.amazonaws.com:3306",
            "engine": "mysql",
            "engine_lifecycle_support": "open-source-rds-extended-support",
            "engine_version": "8.0",
            "engine_version_actual": "8.0.42",
            "final_snapshot_identifier": null,
            "hosted_zone_id": "Z2VFMSZA74J7XZ",
            "iam_database_authentication_enabled": false,
            "id": "db-UVDCISODIQJLQ4YIPZWMEZO3IY",
            "identifier": "customers-service-db",
            "identifier_prefix": "",
            "instance_class": "db.t3.micro",
            "iops": 0,
            "kms_key_id": "",
            "latest_restorable_time": "",
            "license_model": "general-public-license",
            "listener_endpoint": [],
            "maintenance_window": "wed:11:22-wed:11:52",
            "manage_master_user_password": null,
            "master_user_secret": [],
            "master_user_secret_kms_key_id": null,
            "max_allocated_storage": 0,
            "monitoring_interval": 0,
            "monitoring_role_arn": "",
            "multi_az": false,
            "nchar_character_set_name": "",
            "network_type": "IPV4",
            "option_group_name": "default:mysql-8-0",
            "parameter_group_name": "default.mysql8.0",
            "password": "password123",
            "password_wo": null,
            "password_wo_version": null,
            "performance_insights_enabled": false,
            "performance_insights_kms_key_id": "",
            "performance_insights_retention_period": 0,
            "port": 3306,
            "publicly_accessible": false,
            "replica_mode": "",
            "replicas": [],
            "replicate_source_db": "",
            "resource_id": "db-UVDCISODIQJLQ4YIPZWMEZO3IY",
            "restore_to_point_in_time": [],
            "s3_import": [],
            "skip_final_snapshot": true,
            "snapshot_identifier": null,
            "status": "available",
            "storage_encrypted": false,
            "storage_throughput": 0,
            "storage_type": "gp2",
            "tags": {
              "Name": "customers-service-mysql"
            },
            "tags_all": {
              "Name": "customers-service-mysql"
            },
            "timeouts": null,
            "timezone": "",
            "upgrade_storage_config": null,
            "username": "root",
            "vpc_security_group_ids": [
              "sg-0e49e7c1eababafac"
            ]
          },
          "sensitive_attributes": [
            [
              {
                "type": "get_attr",
                "value": "password_wo"
              }
            ],
            [
              {
                "type": "get_attr",
                "value": "password"
              }
            ]
          ],
          "private": "eyJlMmJmYjczMC1lY2FhLTExZTYtOGY4OC0zNDM2M2JjN2M0YzAiOnsiY3JlYXRlIjozMDAwMDAwMDAwMDAwLCJkZWxldGUiOjM2MDAwMDAwMDAwMDAsInVwZGF0ZSI6NDgwMDAwMDAwMDAwMH0sInNjaGVtYV92ZXJzaW9uIjoiMiJ9",
          "dependencies": [
            "module.ecs.aws_security_group.ecs",
            "module.rds.aws_db_subnet_group.main",
            "module.rds.aws_security_group.rds",
            "module.vpc.aws_subnet.private_1",
            "module.vpc.aws_subnet.private_2",
            "module.vpc.aws_vpc.main",
            "module.vpc.data.aws_availability_zones.available"
          ]
        }
      ]
    },
    {
      "module": "module.rds",
      "mode": "managed",
      "type": "aws_db_subnet_group",
      "name": "main",
      "provider": "provider[\"registry.terraform.io/hashicorp/aws\"]",
      "instances": [
        {
          "schema_version": 0,
          "attributes": {
            "arn": "arn:aws:rds:ap-south-1:610964304957:subgrp:customers-service-db-subnet-group",
            "description": "Managed by Terraform",
            "id": "customers-service-db-subnet-group",
            "name": "customers-service-db-subnet-group",
            "name_prefix": "",
            "subnet_ids": [
              "subnet-09419445242bac077",
              "subnet-0ab09c41b3a163967"
            ],
            "supported_network_types": [
              "IPV4"
            ],
            "tags": {
              "Name": "customers-service-db-subnet-group"
            },
            "tags_all": {
              "Name": "customers-service-db-subnet-group"
            },
            "vpc_id": "vpc-0ed62adc254b263f5"
          },
          "sensitive_attributes": [],
          "private": "bnVsbA==",
          "dependencies": [
            "module.vpc.aws_subnet.private_1",
            "module.vpc.aws_subnet.private_2",
            "module.vpc.aws_vpc.main",
            "module.vpc.data.aws_availability_zones.available"
          ]
        }
      ]
    },
    {
      "module": "module.rds",
      "mode": "managed",
      "type": "aws_security_group",
      "name": "rds",
      "provider": "provider[\"registry.terraform.io/hashicorp/aws\"]",
      "instances": [
        {
          "schema_version": 1,
          "attributes": {
            "arn": "arn:aws:ec2:ap-south-1:610964304957:security-group/sg-0e49e7c1eababafac",
            "description": "Managed by Terraform",
            "egress": [
              {
                "cidr_blocks": [
                  "0.0.0.0/0"
                ],
                "description": "",
                "from_port": 0,
                "ipv6_cidr_blocks": [],
                "prefix_list_ids": [],
                "protocol": "-1",
                "security_groups": [],
                "self": false,
                "to_port": 0
              }
            ],
            "id": "sg-0e49e7c1eababafac",
            "ingress": [
              {
                "cidr_blocks": [
                  "0.0.0.0/0"
                ],
                "description": "",
                "from_port": 3306,
                "ipv6_cidr_blocks": [],
                "prefix_list_ids": [],
                "protocol": "tcp",
                "security_groups": [
                  "sg-0e3b18d45a8dd602d"
                ],
                "self": false,
                "to_port": 3306
              }
            ],
            "name": "customers-service-rds20250816015933545600000005",
            "name_prefix": "customers-service-rds",
            "owner_id": "610964304957",
            "revoke_rules_on_delete": false,
            "tags": {},
            "tags_all": {},
            "timeouts": null,
            "vpc_id": "vpc-0ed62adc254b263f5"
          },
          "sensitive_attributes": [],
          "private": "eyJlMmJmYjczMC1lY2FhLTExZTYtOGY4OC0zNDM2M2JjN2M0YzAiOnsiY3JlYXRlIjo2MDAwMDAwMDAwMDAsImRlbGV0ZSI6OTAwMDAwMDAwMDAwfSwic2NoZW1hX3ZlcnNpb24iOiIxIn0=",
          "dependencies": [
            "module.ecs.aws_security_group.ecs",
            "module.vpc.aws_vpc.main"
          ]
        }
      ]
    },
    {
      "module": "module.vpc",
      "mode": "data",
      "type": "aws_availability_zones",
      "name": "available",
      "provider": "provider[\"registry.terraform.io/hashicorp/aws\"]",
      "instances": [
        {
          "schema_version": 0,
          "attributes": {
            "all_availability_zones": null,
            "exclude_names": null,
            "exclude_zone_ids": null,
            "filter": null,
            "group_names": [
              "ap-south-1-zg-1"
            ],
            "id": "ap-south-1",
            "names": [
              "ap-south-1a",
              "ap-south-1b",
              "ap-south-1c"
            ],
            "state": "available",
            "timeouts": null,
            "zone_ids": [
              "aps1-az1",
              "aps1-az3",
              "aps1-az2"
            ]
          },
          "sensitive_attributes": []
        }
      ]
    },
    {
      "module": "module.vpc",
      "mode": "managed",
      "type": "aws_eip",
      "name": "nat",
      "provider": "provider[\"registry.terraform.io/hashicorp/aws\"]",
      "instances": [
        {
          "schema_version": 0,
          "attributes": {
            "address": null,
            "allocation_id": "eipalloc-076512413d22fa465",
            "arn": "arn:aws:ec2:ap-south-1:610964304957:elastic-ip/eipalloc-076512413d22fa465",
            "associate_with_private_ip": null,
            "association_id": "eipassoc-02e2359eb9ce3e8ab",
            "carrier_ip": "",
            "customer_owned_ip": "",
            "customer_owned_ipv4_pool": "",
            "domain": "vpc",
            "id": "eipalloc-076512413d22fa465",
            "instance": "",
            "ipam_pool_id": null,
            "network_border_group": "ap-south-1",
            "network_interface": "eni-0f47330512e2490b1",
            "private_dns": "ip-10-0-1-179.ap-south-1.compute.internal",
            "private_ip": "10.0.1.179",
            "ptr_record": "",
            "public_dns": "ec2-3-6-195-220.ap-south-1.compute.amazonaws.com",
            "public_ip": "3.6.195.220",
            "public_ipv4_pool": "amazon",
            "tags": {
              "Name": "customers-service-nat-eip"
            },
            "tags_all": {
              "Name": "customers-service-nat-eip"
            },
            "timeouts": null,
            "vpc": true
          },
          "sensitive_attributes": [],
          "private": "eyJlMmJmYjczMC1lY2FhLTExZTYtOGY4OC0zNDM2M2JjN2M0YzAiOnsiZGVsZXRlIjoxODAwMDAwMDAwMDAsInJlYWQiOjkwMDAwMDAwMDAwMCwidXBkYXRlIjozMDAwMDAwMDAwMDB9fQ=="
        }
      ]
    },
    {
      "module": "module.vpc",
      "mode": "managed",
      "type": "aws_internet_gateway",
      "name": "main",
      "provider": "provider[\"registry.terraform.io/hashicorp/aws\"]",
      "instances": [
        {
          "schema_version": 0,
          "attributes": {
            "arn": "arn:aws:ec2:ap-south-1:610964304957:internet-gateway/igw-0949215298292af5c",
            "id": "igw-0949215298292af5c",
            "owner_id": "610964304957",
            "tags": {
              "Name": "customers-service-igw"
            },
            "tags_all": {
              "Name": "customers-service-igw"
            },
            "timeouts": null,
            "vpc_id": "vpc-0ed62adc254b263f5"
          },
          "sensitive_attributes": [],
          "private": "eyJlMmJmYjczMC1lY2FhLTExZTYtOGY4OC0zNDM2M2JjN2M0YzAiOnsiY3JlYXRlIjoxMjAwMDAwMDAwMDAwLCJkZWxldGUiOjEyMDAwMDAwMDAwMDAsInVwZGF0ZSI6MTIwMDAwMDAwMDAwMH19",
          "dependencies": [
            "module.vpc.aws_vpc.main"
          ]
        }
      ]
    },
    {
      "module": "module.vpc",
      "mode": "managed",
      "type": "aws_nat_gateway",
      "name": "main",
      "provider": "provider[\"registry.terraform.io/hashicorp/aws\"]",
      "instances": [
        {
          "schema_version": 0,
          "attributes": {
            "allocation_id": "eipalloc-076512413d22fa465",
            "association_id": "eipassoc-02e2359eb9ce3e8ab",
            "connectivity_type": "public",
            "id": "nat-01fe1f4fcdaface1c",
            "network_interface_id": "eni-0f47330512e2490b1",
            "private_ip": "10.0.1.179",
            "public_ip": "3.6.195.220",
            "secondary_allocation_ids": [],
            "secondary_private_ip_address_count": 0,
            "secondary_private_ip_addresses": [],
            "subnet_id": "subnet-05eab9c72dae2d52a",
            "tags": {
              "Name": "customers-service-nat"
            },
            "tags_all": {
              "Name": "customers-service-nat"
            },
            "timeouts": null
          },
          "sensitive_attributes": [],
          "private": "eyJlMmJmYjczMC1lY2FhLTExZTYtOGY4OC0zNDM2M2JjN2M0YzAiOnsiY3JlYXRlIjo2MDAwMDAwMDAwMDAsImRlbGV0ZSI6MTgwMDAwMDAwMDAwMCwidXBkYXRlIjo2MDAwMDAwMDAwMDB9fQ==",
          "dependencies": [
            "module.vpc.aws_eip.nat",
            "module.vpc.aws_internet_gateway.main",
            "module.vpc.aws_subnet.public_1",
            "module.vpc.aws_vpc.main",
            "module.vpc.data.aws_availability_zones.available"
          ]
        }
      ]
    },
    {
      "module": "module.vpc",
      "mode": "managed",
      "type": "aws_route_table",
      "name": "private",
      "provider": "provider[\"registry.terraform.io/hashicorp/aws\"]",
      "instances": [
        {
          "schema_version": 0,
          "attributes": {
            "arn": "arn:aws:ec2:ap-south-1:610964304957:route-table/rtb-01f08fcb0c31486a6",
            "id": "rtb-01f08fcb0c31486a6",
            "owner_id": "610964304957",
            "propagating_vgws": [],
            "route": [
              {
                "carrier_gateway_id": "",
                "cidr_block": "0.0.0.0/0",
                "core_network_arn": "",
                "destination_prefix_list_id": "",
                "egress_only_gateway_id": "",
                "gateway_id": "",
                "ipv6_cidr_block": "",
                "local_gateway_id": "",
                "nat_gateway_id": "nat-01fe1f4fcdaface1c",
                "network_interface_id": "",
                "transit_gateway_id": "",
                "vpc_endpoint_id": "",
                "vpc_peering_connection_id": ""
              }
            ],
            "tags": {
              "Name": "customers-service-private-rt"
            },
            "tags_all": {
              "Name": "customers-service-private-rt"
            },
            "timeouts": null,
            "vpc_id": "vpc-0ed62adc254b263f5"
          },
          "sensitive_attributes": [],
          "private": "eyJlMmJmYjczMC1lY2FhLTExZTYtOGY4OC0zNDM2M2JjN2M0YzAiOnsiY3JlYXRlIjozMDAwMDAwMDAwMDAsImRlbGV0ZSI6MzAwMDAwMDAwMDAwLCJ1cGRhdGUiOjEyMDAwMDAwMDAwMH19",
          "dependencies": [
            "module.vpc.aws_eip.nat",
            "module.vpc.aws_internet_gateway.main",
            "module.vpc.aws_nat_gateway.main",
            "module.vpc.aws_subnet.public_1",
            "module.vpc.aws_vpc.main",
            "module.vpc.data.aws_availability_zones.available"
          ]
        }
      ]
    },
    {
      "module": "module.vpc",
      "mode": "managed",
      "type": "aws_route_table",
      "name": "public",
      "provider": "provider[\"registry.terraform.io/hashicorp/aws\"]",
      "instances": [
        {
          "schema_version": 0,
          "attributes": {
            "arn": "arn:aws:ec2:ap-south-1:610964304957:route-table/rtb-05b6cd313cf89121a",
            "id": "rtb-05b6cd313cf89121a",
            "owner_id": "610964304957",
            "propagating_vgws": [],
            "route": [
              {
                "carrier_gateway_id": "",
                "cidr_block": "0.0.0.0/0",
                "core_network_arn": "",
                "destination_prefix_list_id": "",
                "egress_only_gateway_id": "",
                "gateway_id": "igw-0949215298292af5c",
                "ipv6_cidr_block": "",
                "local_gateway_id": "",
                "nat_gateway_id": "",
                "network_interface_id": "",
                "transit_gateway_id": "",
                "vpc_endpoint_id": "",
                "vpc_peering_connection_id": ""
              }
            ],
            "tags": {
              "Name": "customers-service-public-rt"
            },
            "tags_all": {
              "Name": "customers-service-public-rt"
            },
            "timeouts": null,
            "vpc_id": "vpc-0ed62adc254b263f5"
          },
          "sensitive_attributes": [],
          "private": "eyJlMmJmYjczMC1lY2FhLTExZTYtOGY4OC0zNDM2M2JjN2M0YzAiOnsiY3JlYXRlIjozMDAwMDAwMDAwMDAsImRlbGV0ZSI6MzAwMDAwMDAwMDAwLCJ1cGRhdGUiOjEyMDAwMDAwMDAwMH19",
          "dependencies": [
            "module.vpc.aws_internet_gateway.main",
            "module.vpc.aws_vpc.main"
          ]
        }
      ]
    },
    {
      "module": "module.vpc",
      "mode": "managed",
      "type": "aws_route_table_association",
      "name": "private_1",
      "provider": "provider[\"registry.terraform.io/hashicorp/aws\"]",
      "instances": [
        {
          "schema_version": 0,
          "attributes": {
            "gateway_id": "",
            "id": "rtbassoc-0e66449092479c7b7",
            "route_table_id": "rtb-01f08fcb0c31486a6",
            "subnet_id": "subnet-09419445242bac077",
            "timeouts": null
          },
          "sensitive_attributes": [],
          "private": "eyJlMmJmYjczMC1lY2FhLTExZTYtOGY4OC0zNDM2M2JjN2M0YzAiOnsiY3JlYXRlIjozMDAwMDAwMDAwMDAsImRlbGV0ZSI6MzAwMDAwMDAwMDAwLCJ1cGRhdGUiOjEyMDAwMDAwMDAwMH19",
          "dependencies": [
            "module.vpc.aws_eip.nat",
            "module.vpc.aws_internet_gateway.main",
            "module.vpc.aws_nat_gateway.main",
            "module.vpc.aws_route_table.private",
            "module.vpc.aws_subnet.private_1",
            "module.vpc.aws_subnet.public_1",
            "module.vpc.aws_vpc.main",
            "module.vpc.data.aws_availability_zones.available"
          ]
        }
      ]
    },
    {
      "module": "module.vpc",
      "mode": "managed",
      "type": "aws_route_table_association",
      "name": "private_2",
      "provider": "provider[\"registry.terraform.io/hashicorp/aws\"]",
      "instances": [
        {
          "schema_version": 0,
          "attributes": {
            "gateway_id": "",
            "id": "rtbassoc-0395c6c394653a05c",
            "route_table_id": "rtb-01f08fcb0c31486a6",
            "subnet_id": "subnet-0ab09c41b3a163967",
            "timeouts": null
          },
          "sensitive_attributes": [],
          "private": "eyJlMmJmYjczMC1lY2FhLTExZTYtOGY4OC0zNDM2M2JjN2M0YzAiOnsiY3JlYXRlIjozMDAwMDAwMDAwMDAsImRlbGV0ZSI6MzAwMDAwMDAwMDAwLCJ1cGRhdGUiOjEyMDAwMDAwMDAwMH19",
          "dependencies": [
            "module.vpc.aws_eip.nat",
            "module.vpc.aws_internet_gateway.main",
            "module.vpc.aws_nat_gateway.main",
            "module.vpc.aws_route_table.private",
            "module.vpc.aws_subnet.private_2",
            "module.vpc.aws_subnet.public_1",
            "module.vpc.aws_vpc.main",
            "module.vpc.data.aws_availability_zones.available"
          ]
        }
      ]
    },
    {
      "module": "module.vpc",
      "mode": "managed",
      "type": "aws_route_table_association",
      "name": "public_1",
      "provider": "provider[\"registry.terraform.io/hashicorp/aws\"]",
      "instances": [
        {
          "schema_version": 0,
          "attributes": {
            "gateway_id": "",
            "id": "rtbassoc-0c2545f49f2d2a33c",
            "route_table_id": "rtb-05b6cd313cf89121a",
            "subnet_id": "subnet-05eab9c72dae2d52a",
            "timeouts": null
          },
          "sensitive_attributes": [],
          "private": "eyJlMmJmYjczMC1lY2FhLTExZTYtOGY4OC0zNDM2M2JjN2M0YzAiOnsiY3JlYXRlIjozMDAwMDAwMDAwMDAsImRlbGV0ZSI6MzAwMDAwMDAwMDAwLCJ1cGRhdGUiOjEyMDAwMDAwMDAwMH19",
          "dependencies": [
            "module.vpc.aws_internet_gateway.main",
            "module.vpc.aws_route_table.public",
            "module.vpc.aws_subnet.public_1",
            "module.vpc.aws_vpc.main",
            "module.vpc.data.aws_availability_zones.available"
          ]
        }
      ]
    },
    {
      "module": "module.vpc",
      "mode": "managed",
      "type": "aws_route_table_association",
      "name": "public_2",
      "provider": "provider[\"registry.terraform.io/hashicorp/aws\"]",
      "instances": [
        {
          "schema_version": 0,
          "attributes": {
            "gateway_id": "",
            "id": "rtbassoc-0b5ce7b54d388b276",
            "route_table_id": "rtb-05b6cd313cf89121a",
            "subnet_id": "subnet-08a6a813f1efa217d",
            "timeouts": null
          },
          "sensitive_attributes": [],
          "private": "eyJlMmJmYjczMC1lY2FhLTExZTYtOGY4OC0zNDM2M2JjN2M0YzAiOnsiY3JlYXRlIjozMDAwMDAwMDAwMDAsImRlbGV0ZSI6MzAwMDAwMDAwMDAwLCJ1cGRhdGUiOjEyMDAwMDAwMDAwMH19",
          "dependencies": [
            "module.vpc.aws_internet_gateway.main",
            "module.vpc.aws_route_table.public",
            "module.vpc.aws_subnet.public_2",
            "module.vpc.aws_vpc.main",
            "module.vpc.data.aws_availability_zones.available"
          ]
        }
      ]
    },
    {
      "module": "module.vpc",
      "mode": "managed",
      "type": "aws_subnet",
      "name": "private_1",
      "provider": "provider[\"registry.terraform.io/hashicorp/aws\"]",
      "instances": [
        {
          "schema_version": 1,
          "attributes": {
            "arn": "arn:aws:ec2:ap-south-1:610964304957:subnet/subnet-09419445242bac077",
            "assign_ipv6_address_on_creation": false,
            "availability_zone": "ap-south-1a",
            "availability_zone_id": "aps1-az1",
            "cidr_block": "10.0.3.0/24",
            "customer_owned_ipv4_pool": "",
            "enable_dns64": false,
            "enable_lni_at_device_index": 0,
            "enable_resource_name_dns_a_record_on_launch": false,
            "enable_resource_name_dns_aaaa_record_on_launch": false,
            "id": "subnet-09419445242bac077",
            "ipv6_cidr_block": "",
            "ipv6_cidr_block_association_id": "",
            "ipv6_native": false,
            "map_customer_owned_ip_on_launch": false,
            "map_public_ip_on_launch": false,
            "outpost_arn": "",
            "owner_id": "610964304957",
            "private_dns_hostname_type_on_launch": "ip-name",
            "tags": {
              "Name": "customers-service-private-1"
            },
            "tags_all": {
              "Name": "customers-service-private-1"
            },
            "timeouts": null,
            "vpc_id": "vpc-0ed62adc254b263f5"
          },
          "sensitive_attributes": [],
          "private": "eyJlMmJmYjczMC1lY2FhLTExZTYtOGY4OC0zNDM2M2JjN2M0YzAiOnsiY3JlYXRlIjo2MDAwMDAwMDAwMDAsImRlbGV0ZSI6MTIwMDAwMDAwMDAwMH0sInNjaGVtYV92ZXJzaW9uIjoiMSJ9",
          "dependencies": [
            "module.vpc.aws_vpc.main",
            "module.vpc.data.aws_availability_zones.available"
          ]
        }
      ]
    },
    {
      "module": "module.vpc",
      "mode": "managed",
      "type": "aws_subnet",
      "name": "private_2",
      "provider": "provider[\"registry.terraform.io/hashicorp/aws\"]",
      "instances": [
        {
          "schema_version": 1,
          "attributes": {
            "arn": "arn:aws:ec2:ap-south-1:610964304957:subnet/subnet-0ab09c41b3a163967",
            "assign_ipv6_address_on_creation": false,
            "availability_zone": "ap-south-1b",
            "availability_zone_id": "aps1-az3",
            "cidr_block": "10.0.4.0/24",
            "customer_owned_ipv4_pool": "",
            "enable_dns64": false,
            "enable_lni_at_device_index": 0,
            "enable_resource_name_dns_a_record_on_launch": false,
            "enable_resource_name_dns_aaaa_record_on_launch": false,
            "id": "subnet-0ab09c41b3a163967",
            "ipv6_cidr_block": "",
            "ipv6_cidr_block_association_id": "",
            "ipv6_native": false,
            "map_customer_owned_ip_on_launch": false,
            "map_public_ip_on_launch": false,
            "outpost_arn": "",
            "owner_id": "610964304957",
            "private_dns_hostname_type_on_launch": "ip-name",
            "tags": {
              "Name": "customers-service-private-2"
            },
            "tags_all": {
              "Name": "customers-service-private-2"
            },
            "timeouts": null,
            "vpc_id": "vpc-0ed62adc254b263f5"
          },
          "sensitive_attributes": [],
          "private": "eyJlMmJmYjczMC1lY2FhLTExZTYtOGY4OC0zNDM2M2JjN2M0YzAiOnsiY3JlYXRlIjo2MDAwMDAwMDAwMDAsImRlbGV0ZSI6MTIwMDAwMDAwMDAwMH0sInNjaGVtYV92ZXJzaW9uIjoiMSJ9",
          "dependencies": [
            "module.vpc.aws_vpc.main",
            "module.vpc.data.aws_availability_zones.available"
          ]
        }
      ]
    },
    {
      "module": "module.vpc",
      "mode": "managed",
      "type": "aws_subnet",
      "name": "public_1",
      "provider": "provider[\"registry.terraform.io/hashicorp/aws\"]",
      "instances": [
        {
          "schema_version": 1,
          "attributes": {
            "arn": "arn:aws:ec2:ap-south-1:610964304957:subnet/subnet-05eab9c72dae2d52a",
            "assign_ipv6_address_on_creation": false,
            "availability_zone": "ap-south-1a",
            "availability_zone_id": "aps1-az1",
            "cidr_block": "10.0.1.0/24",
            "customer_owned_ipv4_pool": "",
            "enable_dns64": false,
            "enable_lni_at_device_index": 0,
            "enable_resource_name_dns_a_record_on_launch": false,
            "enable_resource_name_dns_aaaa_record_on_launch": false,
            "id": "subnet-05eab9c72dae2d52a",
            "ipv6_cidr_block": "",
            "ipv6_cidr_block_association_id": "",
            "ipv6_native": false,
            "map_customer_owned_ip_on_launch": false,
            "map_public_ip_on_launch": true,
            "outpost_arn": "",
            "owner_id": "610964304957",
            "private_dns_hostname_type_on_launch": "ip-name",
            "tags": {
              "Name": "customers-service-public-1"
            },
            "tags_all": {
              "Name": "customers-service-public-1"
            },
            "timeouts": null,
            "vpc_id": "vpc-0ed62adc254b263f5"
          },
          "sensitive_attributes": [],
          "private": "eyJlMmJmYjczMC1lY2FhLTExZTYtOGY4OC0zNDM2M2JjN2M0YzAiOnsiY3JlYXRlIjo2MDAwMDAwMDAwMDAsImRlbGV0ZSI6MTIwMDAwMDAwMDAwMH0sInNjaGVtYV92ZXJzaW9uIjoiMSJ9",
          "dependencies": [
            "module.vpc.aws_vpc.main",
            "module.vpc.data.aws_availability_zones.available"
          ]
        }
      ]
    },
    {
      "module": "module.vpc",
      "mode": "managed",
      "type": "aws_subnet",
      "name": "public_2",
      "provider": "provider[\"registry.terraform.io/hashicorp/aws\"]",
      "instances": [
        {
          "schema_version": 1,
          "attributes": {
            "arn": "arn:aws:ec2:ap-south-1:610964304957:subnet/subnet-08a6a813f1efa217d",
            "assign_ipv6_address_on_creation": false,
            "availability_zone": "ap-south-1b",
            "availability_zone_id": "aps1-az3",
            "cidr_block": "10.0.2.0/24",
            "customer_owned_ipv4_pool": "",
            "enable_dns64": false,
            "enable_lni_at_device_index": 0,
            "enable_resource_name_dns_a_record_on_launch": false,
            "enable_resource_name_dns_aaaa_record_on_launch": false,
            "id": "subnet-08a6a813f1efa217d",
            "ipv6_cidr_block": "",
            "ipv6_cidr_block_association_id": "",
            "ipv6_native": false,
            "map_customer_owned_ip_on_launch": false,
            "map_public_ip_on_launch": true,
            "outpost_arn": "",
            "owner_id": "610964304957",
            "private_dns_hostname_type_on_launch": "ip-name",
            "tags": {
              "Name": "customers-service-public-2"
            },
            "tags_all": {
              "Name": "customers-service-public-2"
            },
            "timeouts": null,
            "vpc_id": "vpc-0ed62adc254b263f5"
          },
          "sensitive_attributes": [],
          "private": "eyJlMmJmYjczMC1lY2FhLTExZTYtOGY4OC0zNDM2M2JjN2M0YzAiOnsiY3JlYXRlIjo2MDAwMDAwMDAwMDAsImRlbGV0ZSI6MTIwMDAwMDAwMDAwMH0sInNjaGVtYV92ZXJzaW9uIjoiMSJ9",
          "dependencies": [
            "module.vpc.aws_vpc.main",
            "module.vpc.data.aws_availability_zones.available"
          ]
        }
      ]
    },
    {
      "module": "module.vpc",
      "mode": "managed",
      "type": "aws_vpc",
      "name": "main",
      "provider": "provider[\"registry.terraform.io/hashicorp/aws\"]",
      "instances": [
        {
          "schema_version": 1,
          "attributes": {
            "arn": "arn:aws:ec2:ap-south-1:610964304957:vpc/vpc-0ed62adc254b263f5",
            "assign_generated_ipv6_cidr_block": false,
            "cidr_block": "10.0.0.0/16",
            "default_network_acl_id": "acl-0f0113c809732be51",
            "default_route_table_id": "rtb-0e5a861511993c740",
            "default_security_group_id": "sg-0cdae1216a73db779",
            "dhcp_options_id": "dopt-0bd03dab0f998c43f",
            "enable_dns_hostnames": true,
            "enable_dns_support": true,
            "enable_network_address_usage_metrics": false,
            "id": "vpc-0ed62adc254b263f5",
            "instance_tenancy": "default",
            "ipv4_ipam_pool_id": null,
            "ipv4_netmask_length": null,
            "ipv6_association_id": "",
            "ipv6_cidr_block": "",
            "ipv6_cidr_block_network_border_group": "",
            "ipv6_ipam_pool_id": "",
            "ipv6_netmask_length": 0,
            "main_route_table_id": "rtb-0e5a861511993c740",
            "owner_id": "610964304957",
            "tags": {
              "Name": "customers-service-vpc"
            },
            "tags_all": {
              "Name": "customers-service-vpc"
            }
          },
          "sensitive_attributes": [],
          "private": "eyJzY2hlbWFfdmVyc2lvbiI6IjEifQ=="
        }
      ]
    },
    {
      "module": "module.vpn",
      "mode": "managed",
      "type": "aws_acm_certificate",
      "name": "ca",
      "provider": "provider[\"registry.terraform.io/hashicorp/aws\"]",
      "instances": [
        {
          "schema_version": 0,
          "attributes": {
            "arn": "arn:aws:acm:ap-south-1:610964304957:certificate/3388054e-f205-4596-a2f1-f2f3fc56cc6f",
            "certificate_authority_arn": "",
            "certificate_body": "-----BEGIN CERTIFICATE-----\nMIIDQjCCAiqgAwIBAgIQQmt3tlSzROkv5CCJkj4KbjANBgkqhkiG9w0BAQsFADA7\nMRowGAYDVQQKExFjdXN0b21lcnMtc2VydmljZTEdMBsGA1UEAxMUY3VzdG9tZXJz\nLXNlcnZpY2UtY2EwHhcNMjUwODE2MDU1MzQ5WhcNMjYwODE2MDU1MzQ5WjA7MRow\nGAYDVQQKExFjdXN0b21lcnMtc2VydmljZTEdMBsGA1UEAxMUY3VzdG9tZXJzLXNl\ncnZpY2UtY2EwggEiMA0GCSqGSIb3DQEBAQUAA4IBDwAwggEKAoIBAQC7MKrmyx9h\nPJkfycg5kOYdTryeBWEluKQzkvy6+apGFpZ/1risC0XGU7yByxU91blwjK6runFT\nHnJmw8v5F+FnlvMxtSLPhMgJJf/9NlcPEW/UDgpGU0FoqULyCzVLHrSMQGzTWP2z\nEYoND3m91UzMc9SzZ1HLR6yUX93wny9N0Sr3iDss/QcRwqtAIUW8foxqAsRT6O5B\npQaD+PP8PDntOjl5Nv5SVwn2Xd4Ti+7vpkqqMXEs7q7rnQKrPv5hUNMZKPF0+ati\nYIrwXYvluypUFMRNli92BrnkjRbTf4mvdhMrFrry+21VnPXRk3YN2Xus/8yIoI0o\nGZ1Jzawjn1dbAgMBAAGjQjBAMA4GA1UdDwEB/wQEAwICpDAPBgNVHRMBAf8EBTAD\nAQH/MB0GA1UdDgQWBBSPej4ieycYP/Vz26zNNACqttOZyzANBgkqhkiG9w0BAQsF\nAAOCAQEAm0aRQ+BVhRDFVpjzMRuH+K44Sbtnv6ffoRqRfbz//wn+l4dCYWuWh2et\n3MuKM8ooixFw37cyNk7BhhvyTnW+PMuWE/HD/FmJTdtXg614DRPKGYCXBJze9kHO\nc30InhJ0/85HVKBPc37QlsXbpS4hanCBoyKwO3czY5zSUUF+ZtZHB0mKrubmrc7x\nbOh/VB+zvR8tPISx1puEXlPqUsieptzk/FErpQdwslxmE/YbiYOs7Yh1PyvgLtje\nRHEMtNAzD3qxkqKE5ezs7nTgCG6EvBkOzU1UCkfDM6AC+rAMxdApRmxWPG9l6dGK\ngjsEirxVOJ+HsEXh2mMuH1HNnk4Qdg==\n-----END CERTIFICATE-----\n",
            "certificate_chain": null,
            "domain_name": "",
            "domain_validation_options": [],
            "early_renewal_duration": "",
            "id": "arn:aws:acm:ap-south-1:610964304957:certificate/3388054e-f205-4596-a2f1-f2f3fc56cc6f",
            "key_algorithm": "RSA_2048",
            "not_after": "2026-08-16T05:53:49Z",
            "not_before": "2025-08-16T05:53:49Z",
            "options": [
              {
                "certificate_transparency_logging_preference": "DISABLED"
              }
            ],
            "pending_renewal": false,
            "private_key": "-----BEGIN RSA PRIVATE KEY-----\nMIIEowIBAAKCAQEAuzCq5ssfYTyZH8nIOZDmHU68ngVhJbikM5L8uvmqRhaWf9a4\nrAtFxlO8gcsVPdW5cIyuq7pxUx5yZsPL+RfhZ5bzMbUiz4TICSX//TZXDxFv1A4K\nRlNBaKlC8gs1Sx60jEBs01j9sxGKDQ95vdVMzHPUs2dRy0eslF/d8J8vTdEq94g7\nLP0HEcKrQCFFvH6MagLEU+juQaUGg/jz/Dw57To5eTb+UlcJ9l3eE4vu76ZKqjFx\nLO6u650Cqz7+YVDTGSjxdPmrYmCK8F2L5bsqVBTETZYvdga55I0W03+Jr3YTKxa6\n8vttVZz10ZN2Ddl7rP/MiKCNKBmdSc2sI59XWwIDAQABAoIBAAKzWYvZ21qKRsVE\nInzeH8vFcogvGK80Ij5SPQ4vgure8Y3nmaN1yCxr0djnhqdtOW8rwGte1bq2wjzE\nT2GJHCnj7h9F9zoaNs6W+0H6cjgX7s6W40QPeG6bnokia0Lprv4lAczsyEA4nQ7C\nLeX0uVZrx2JNN8tgfddoKKoLieGsAALLDZ+gdXhfeBer312SOhgeHpunMBxZYAJK\nEP+Gs3VQEJm9aK4RgnJap33jQCETioqG81fIy/W5aNAaFXdH+HxH5ZLIissToOJS\n+gc0rzstelVOnJv7OYhhzd8s2Im2FYYgE0t7io0GA9mvmL25OdC/UOHjXyw1+XT/\nrcbOQWkCgYEA8l6WKvRa1Fm/7rM5QiiUD6YG6szWWp27euwIbulWonGlNmxnSBMy\nq68VqzSw0h1GZvKim9iDOwvp0mEogxjOTudVgKNSV7L5sSaAh+9d3BC1xvPYCoZM\n8Kr8G5OdHezf3zaRhcu7YWuJqVkhC1KYwxxRGah7DTUnHN/OhOU61DkCgYEAxbeo\ntgK7FNiEktDgJu09kJKl9XohqupQEKAtXLTBUIp3qIjzVopcaSVGWFvhMzS/ke4e\nGTnZCvM609K2WEHCEmivmt9uT9zGTYy1y7sljAhsy5by1DnSjnEdkhD8FceQDBjp\nAL8NrUR9eCSpiRrWtZgXt478driPOVkJo2O/kDMCgYAZRvocYr2yVeXpjDGVj8vZ\nUfR4uoJEkxzBdipu/tD1Qir74RRodPAc7bax0135m+oCxJ1m6Y7OMrDhKxbhjU2+\n9ut47g+ha94UtrJC+xjr4aZDqJzIhDc0BnEioyOIwnKawgMtVBEn2OJTkiMbHjMm\nbiabKXIj734zybetLocTKQKBgDA07mqqUcjsXa6aRPzYvTkBuHsYsxrEFI9pLoY7\nACNOD4zFD2ebRprQXs1uYYMlqku/XhFSfGviEAbTimgMaHAqnB5Luc65CpSf6Tdq\nQuZYq4YcIMrD6mWWiNozT/NTe/inHjBzZLdJSro/XiKyq4UNN0MnFsEvkKQv5Fy1\nFmDnAoGBAMI0hNL5P5u7Zu4Z/AuelDjjtN81gWKGCzqgNVnSxAqdxNQ3lyHuiFGQ\nFJNitgOlLNq8q3bvSNaR07gxswg6gMYJilZHyOmihIx+l7Xa6BzG4Ar4yR2atAsE\nFRLCkSA7lEOzt3IIEx5b6Cy8RtxBrQ+Wx+p6WIYTHg2QZBFC7Eg3\n-----END RSA PRIVATE KEY-----\n",
            "renewal_eligibility": "INELIGIBLE",
            "renewal_summary": [],
            "status": "ISSUED",
            "subject_alternative_names": [],
            "tags": {
              "Name": "customers-service-ca-cert"
            },
            "tags_all": {
              "Name": "customers-service-ca-cert"
            },
            "type": "IMPORTED",
            "validation_emails": [],
            "validation_method": "NONE",
            "validation_option": []
          },
          "sensitive_attributes": [
            [
              {
                "type": "get_attr",
                "value": "private_key"
              }
            ]
          ],
          "private": "bnVsbA==",
          "dependencies": [
            "module.vpn.tls_private_key.ca",
            "module.vpn.tls_self_signed_cert.ca"
          ]
        }
      ]
    },
    {
      "module": "module.vpn",
      "mode": "managed",
      "type": "aws_acm_certificate",
      "name": "client",
      "provider": "provider[\"registry.terraform.io/hashicorp/aws\"]",
      "instances": [
        {
          "schema_version": 0,
          "attributes": {
            "arn": "arn:aws:acm:ap-south-1:610964304957:certificate/02b69c2a-db5e-41e8-bd02-6430f3ab6c18",
            "certificate_authority_arn": "",
            "certificate_body": "-----BEGIN CERTIFICATE-----\nMIIDjDCCAnSgAwIBAgIQYY2XJR2a0W2JrneEJTrGDzANBgkqhkiG9w0BAQsFADA7\nMRowGAYDVQQKExFjdXN0b21lcnMtc2VydmljZTEdMBsGA1UEAxMUY3VzdG9tZXJz\nLXNlcnZpY2UtY2EwHhcNMjUwODE2MDU1MzQ5WhcNMjYwODE2MDU1MzQ5WjBFMRow\nGAYDVQQKExFjdXN0b21lcnMtc2VydmljZTEnMCUGA1UEAxMeY3VzdG9tZXJzLXNl\ncnZpY2UtY2xpZW50LmxvY2FsMIIBIjANBgkqhkiG9w0BAQEFAAOCAQ8AMIIBCgKC\nAQEA904M9P8i5t1WFTcVByFxR1KVxSNeZCI9DhY8Dt2EExcgopq26QD4KJfupM6d\nxfp6sF9yHXi27KOLWgAzkMvBfFbzYhI0KQYSCgjuKjSSiNZbOBX2liujd9CBlMVC\nBUj+hRpbQ0/J/VXLWsxd1NzDwfVa7snAGRdX35uz1I/0sJtKf+xwCuXujQ/mi1W0\nGSdAvHaPtMVIt5g76b7Hw+p54x3wRphX3m7JV/1ZFLbxMqc85oTzuqE/DJdT/Idl\ng/S8CnexiMR/x6sRhI4lr6q4j5Zqzh7CtccRWYp1AbZ+aKN3XUoOFxicNHI/eC77\nSrLZP4IqeWs2uaHW0hjfimpwuQIDAQABo4GBMH8wDgYDVR0PAQH/BAQDAgWgMBMG\nA1UdJQQMMAoGCCsGAQUFBwMCMAwGA1UdEwEB/wQCMAAwHwYDVR0jBBgwFoAUj3o+\nInsnGD/1c9uszTQAqrbTmcswKQYDVR0RBCIwIIIeY3VzdG9tZXJzLXNlcnZpY2Ut\nY2xpZW50LmxvY2FsMA0GCSqGSIb3DQEBCwUAA4IBAQB9WSUBSmMWNqg9deOyzLn+\nz53WM1WGp0Ornqh4jltx1KSyk3hff6ZOSiylBroOxMcbDWyy9DZqnnZ+/KMvVn5j\nXfY/UM6P8b05ZlcIY9/3DnJ9psFmJaL3IQDxEYnIOaMgrOEwa/AwFZRzGVvtCUdJ\nbGHz0WEvZR0R+8+lLxXpKkgcUeASm2M8yb5gGHQjfaYCvlxFidBPWj/+wuz/Yl4o\nl4Fl6Qsop6BvBYtUWiJnZ9hHqDPmLRHOpNanKXLba3rr5pDJcNblDfGpjYhPHJKj\nTq3XZWbVtL0R6SHTp0jK8uZJFqrApXcJ/aTsbTA9CbxuWsRiFzFce2kpIJmm1yDO\n-----END CERTIFICATE-----\n",
            "certificate_chain": "-----BEGIN CERTIFICATE-----\nMIIDQjCCAiqgAwIBAgIQQmt3tlSzROkv5CCJkj4KbjANBgkqhkiG9w0BAQsFADA7\nMRowGAYDVQQKExFjdXN0b21lcnMtc2VydmljZTEdMBsGA1UEAxMUY3VzdG9tZXJz\nLXNlcnZpY2UtY2EwHhcNMjUwODE2MDU1MzQ5WhcNMjYwODE2MDU1MzQ5WjA7MRow\nGAYDVQQKExFjdXN0b21lcnMtc2VydmljZTEdMBsGA1UEAxMUY3VzdG9tZXJzLXNl\ncnZpY2UtY2EwggEiMA0GCSqGSIb3DQEBAQUAA4IBDwAwggEKAoIBAQC7MKrmyx9h\nPJkfycg5kOYdTryeBWEluKQzkvy6+apGFpZ/1risC0XGU7yByxU91blwjK6runFT\nHnJmw8v5F+FnlvMxtSLPhMgJJf/9NlcPEW/UDgpGU0FoqULyCzVLHrSMQGzTWP2z\nEYoND3m91UzMc9SzZ1HLR6yUX93wny9N0Sr3iDss/QcRwqtAIUW8foxqAsRT6O5B\npQaD+PP8PDntOjl5Nv5SVwn2Xd4Ti+7vpkqqMXEs7q7rnQKrPv5hUNMZKPF0+ati\nYIrwXYvluypUFMRNli92BrnkjRbTf4mvdhMrFrry+21VnPXRk3YN2Xus/8yIoI0o\nGZ1Jzawjn1dbAgMBAAGjQjBAMA4GA1UdDwEB/wQEAwICpDAPBgNVHRMBAf8EBTAD\nAQH/MB0GA1UdDgQWBBSPej4ieycYP/Vz26zNNACqttOZyzANBgkqhkiG9w0BAQsF\nAAOCAQEAm0aRQ+BVhRDFVpjzMRuH+K44Sbtnv6ffoRqRfbz//wn+l4dCYWuWh2et\n3MuKM8ooixFw37cyNk7BhhvyTnW+PMuWE/HD/FmJTdtXg614DRPKGYCXBJze9kHO\nc30InhJ0/85HVKBPc37QlsXbpS4hanCBoyKwO3czY5zSUUF+ZtZHB0mKrubmrc7x\nbOh/VB+zvR8tPISx1puEXlPqUsieptzk/FErpQdwslxmE/YbiYOs7Yh1PyvgLtje\nRHEMtNAzD3qxkqKE5ezs7nTgCG6EvBkOzU1UCkfDM6AC+rAMxdApRmxWPG9l6dGK\ngjsEirxVOJ+HsEXh2mMuH1HNnk4Qdg==\n-----END CERTIFICATE-----\n",
            "domain_name": "customers-service-client.local",
            "domain_validation_options": [],
            "early_renewal_duration": "",
            "id": "arn:aws:acm:ap-south-1:610964304957:certificate/02b69c2a-db5e-41e8-bd02-6430f3ab6c18",
            "key_algorithm": "RSA_2048",
            "not_after": "2026-08-16T05:53:49Z",
            "not_before": "2025-08-16T05:53:49Z",
            "options": [
              {
                "certificate_transparency_logging_preference": "DISABLED"
              }
            ],
            "pending_renewal": false,
            "private_key": "-----BEGIN RSA PRIVATE KEY-----\nMIIEpAIBAAKCAQEA904M9P8i5t1WFTcVByFxR1KVxSNeZCI9DhY8Dt2EExcgopq2\n6QD4KJfupM6dxfp6sF9yHXi27KOLWgAzkMvBfFbzYhI0KQYSCgjuKjSSiNZbOBX2\nliujd9CBlMVCBUj+hRpbQ0/J/VXLWsxd1NzDwfVa7snAGRdX35uz1I/0sJtKf+xw\nCuXujQ/mi1W0GSdAvHaPtMVIt5g76b7Hw+p54x3wRphX3m7JV/1ZFLbxMqc85oTz\nuqE/DJdT/Idlg/S8CnexiMR/x6sRhI4lr6q4j5Zqzh7CtccRWYp1AbZ+aKN3XUoO\nFxicNHI/eC77SrLZP4IqeWs2uaHW0hjfimpwuQIDAQABAoIBACHi2/umCg5APc9i\nYMs9VdxEAKmmkwR9fIg1m70dtT84aAxfzrhWnapSRyzl8tBx5eXM7kIDjG0Ya7vF\nU0t/3989utOxUtxcLJSbbKbz1TBSzuT8fXFOQXPlahwMe2NmARoT5nVutWq1Gswy\nPJkyNtCY4gDePCgz/qJxH078+rZIDBNwax/aV6jG+ezmUhTdXFgkQhAOebsaPsRK\nVMJGkyXY8aPfmv/pw0+/juLq5yJy+WbntfnDIz7a9ctcSZgU7Z0whdhKext6hVLY\nM8YmdpZvZkrDQHx9Sw/4eGuh3uWXdVYrpuhkY3EXaxGli8mm5+q5P3GclbvS4jH4\nBRO/ktECgYEA+GRj1ncQhID6x2lVQNPQ01jkmBJTojVJlhUDVZC06TbeQV5gyNQA\nixnVJBDsDpqi9n1CphVpjuFAEguOQvy0/rN+xLOmRg54KE2pfaliW1N8mq+zJALe\n0h8ntCkyE7HyG+XlDddxXFyH1nJQlRDujsjC1DayS8qY/p8MfAWBBHMCgYEA/uEi\nsm20llD/CVs9B6YNTIFQrbu+V6shjVskx+8m0IStZVVsYycH3YBTzlDwzIwY6z8m\nVy6X5tjyjK36P3tRXbii2+7EC0HDBgaAHsco3tzUAVGTjV+dHPuRYYNFSRb7ZOJx\nDrq2iMf72jm8Q1rff+XlBP0pmWPI7fR/BGx9lyMCgYEA8H9S4y35AjJXnYfxEYmE\noX1qJ4tnCqEJlJTX25r2bu+/Fg+pKgmKVSQ36GmyBRnYO0xgoaoNwFd7z3z8ywMe\nw5VLYmyGy0HrOSqotpCwOLiG5sbDblSRJWUg7iEM6WDbiAN5WYOFsOWuaAXa29m/\nAOSFLy+eRh/tLmsUjWhO2N0CgYBootKUv9cIct4Q4EUQ08nX46rUeCPvZ9ERcB6M\nehDMP/vTgxtJJWfkNl+xbqc8wjMkuLsrxXQVEHGa8X2v/BduS3OIqOAQ4wGGgrqs\naATOYYgjtnLF8j/U+y43AyY5mFbClvflHR/8zWUGtPcmC7N/lUjNIIWodD+z+NEA\nZu20UwKBgQCdD3xBnPkSi/KGvNiadjNxiTJSwQuzHpGnDbvb7JHWEkXb0vL/dx+e\nqN3QRKjHuQhUM/d61hpHuhwuCNGowb7/PTjBxa61fzn3k2+ocrpCOKhX4JR4Xghy\ns8S9OFylK5LUfV1l4bVJtF3qdF0xtNEIAHDqnMzxDFHfR2HBTEgFfw==\n-----END RSA PRIVATE KEY-----\n",
            "renewal_eligibility": "INELIGIBLE",
            "renewal_summary": [],
            "status": "ISSUED",
            "subject_alternative_names": [
              "customers-service-client.local"
            ],
            "tags": {
              "Name": "customers-service-client-cert"
            },
            "tags_all": {
              "Name": "customers-service-client-cert"
            },
            "type": "IMPORTED",
            "validation_emails": [],
            "validation_method": "NONE",
            "validation_option": []
          },
          "sensitive_attributes": [
            [
              {
                "type": "get_attr",
                "value": "private_key"
              }
            ]
          ],
          "private": "bnVsbA==",
          "dependencies": [
            "module.vpn.tls_cert_request.client",
            "module.vpn.tls_locally_signed_cert.client",
            "module.vpn.tls_private_key.ca",
            "module.vpn.tls_private_key.client",
            "module.vpn.tls_self_signed_cert.ca"
          ]
        }
      ]
    },
    {
      "module": "module.vpn",
      "mode": "managed",
      "type": "aws_acm_certificate",
      "name": "server",
      "provider": "provider[\"registry.terraform.io/hashicorp/aws\"]",
      "instances": [
        {
          "schema_version": 0,
          "attributes": {
            "arn": "arn:aws:acm:ap-south-1:610964304957:certificate/3c96e350-2622-4af1-a777-4cfce609f5fa",
            "certificate_authority_arn": "",
            "certificate_body": "-----BEGIN CERTIFICATE-----\nMIIDjDCCAnSgAwIBAgIQfUtijztVivBI/3JJFLQAqzANBgkqhkiG9w0BAQsFADA7\nMRowGAYDVQQKExFjdXN0b21lcnMtc2VydmljZTEdMBsGA1UEAxMUY3VzdG9tZXJz\nLXNlcnZpY2UtY2EwHhcNMjUwODE2MDU1MzQ5WhcNMjYwODE2MDU1MzQ5WjBFMRow\nGAYDVQQKExFjdXN0b21lcnMtc2VydmljZTEnMCUGA1UEAxMeY3VzdG9tZXJzLXNl\ncnZpY2Utc2VydmVyLmxvY2FsMIIBIjANBgkqhkiG9w0BAQEFAAOCAQ8AMIIBCgKC\nAQEAn+4g2TFSSkMnLPHGphOYgVRiQO5leKYkpJo7lMG7m32BCesMvkys0uVmNzhP\nPunY4ZPx3qpGaaVlYDViw3Yb+Iz3Bf1cZ9nwFT704YCBmak5xS8W7li8eD8IGfIR\n8RXAbcnhMBdscgjxCjgSntU/Ol4P30dAbfYAu8SIjmmgr5WdUUo/fixmDtHIgFBc\n19naMr1btcnwOJCvbO94pLnHelJgKhhKsIVKSOakRQlL+8k8/0U3aBbeYsAiA9gR\nJcbkOwl4qyjhZ/wFVKuNlH97hHFyVTFQINlcyhKRkj6OGb8RK6Lquv8iXHm6k3/T\nyEWaLMS/qi1yWyV32Er4k5aKqwIDAQABo4GBMH8wDgYDVR0PAQH/BAQDAgWgMBMG\nA1UdJQQMMAoGCCsGAQUFBwMBMAwGA1UdEwEB/wQCMAAwHwYDVR0jBBgwFoAUj3o+\nInsnGD/1c9uszTQAqrbTmcswKQYDVR0RBCIwIIIeY3VzdG9tZXJzLXNlcnZpY2Ut\nc2VydmVyLmxvY2FsMA0GCSqGSIb3DQEBCwUAA4IBAQC5+q09/VmFRTNqAiDoH/3G\nK9Jg+oOclvxdq7DYajA6280W4PLmQTgawLvR9VDo/ddd6c4djd6zKcNswAK9qnZo\nSkhvjA8YZCqkA41BVFWNidtnaxrMZZ9PIcdpdgKbPyc+f4fOSa9xvXzvKLw8tRCC\n8u251jJeml6W79vF192NnE21vVXipJwJj6mpFFbnZFV1ZEwU9YsbeYqFmZ877zZz\ndtrGEBoAGQCG5zTVd26IhzVjxp7Nqfkobo1WXL9mUcPZL64d3DBA+/sDbuo/TMhX\nG5ic10b/t197lWSmYCrULUtb3SMh2L1KIqWrlyatfcCa/LdT7IOL7FPraLfokXgI\n-----END CERTIFICATE-----\n",
            "certificate_chain": "-----BEGIN CERTIFICATE-----\nMIIDQjCCAiqgAwIBAgIQQmt3tlSzROkv5CCJkj4KbjANBgkqhkiG9w0BAQsFADA7\nMRowGAYDVQQKExFjdXN0b21lcnMtc2VydmljZTEdMBsGA1UEAxMUY3VzdG9tZXJz\nLXNlcnZpY2UtY2EwHhcNMjUwODE2MDU1MzQ5WhcNMjYwODE2MDU1MzQ5WjA7MRow\nGAYDVQQKExFjdXN0b21lcnMtc2VydmljZTEdMBsGA1UEAxMUY3VzdG9tZXJzLXNl\ncnZpY2UtY2EwggEiMA0GCSqGSIb3DQEBAQUAA4IBDwAwggEKAoIBAQC7MKrmyx9h\nPJkfycg5kOYdTryeBWEluKQzkvy6+apGFpZ/1risC0XGU7yByxU91blwjK6runFT\nHnJmw8v5F+FnlvMxtSLPhMgJJf/9NlcPEW/UDgpGU0FoqULyCzVLHrSMQGzTWP2z\nEYoND3m91UzMc9SzZ1HLR6yUX93wny9N0Sr3iDss/QcRwqtAIUW8foxqAsRT6O5B\npQaD+PP8PDntOjl5Nv5SVwn2Xd4Ti+7vpkqqMXEs7q7rnQKrPv5hUNMZKPF0+ati\nYIrwXYvluypUFMRNli92BrnkjRbTf4mvdhMrFrry+21VnPXRk3YN2Xus/8yIoI0o\nGZ1Jzawjn1dbAgMBAAGjQjBAMA4GA1UdDwEB/wQEAwICpDAPBgNVHRMBAf8EBTAD\nAQH/MB0GA1UdDgQWBBSPej4ieycYP/Vz26zNNACqttOZyzANBgkqhkiG9w0BAQsF\nAAOCAQEAm0aRQ+BVhRDFVpjzMRuH+K44Sbtnv6ffoRqRfbz//wn+l4dCYWuWh2et\n3MuKM8ooixFw37cyNk7BhhvyTnW+PMuWE/HD/FmJTdtXg614DRPKGYCXBJze9kHO\nc30InhJ0/85HVKBPc37QlsXbpS4hanCBoyKwO3czY5zSUUF+ZtZHB0mKrubmrc7x\nbOh/VB+zvR8tPISx1puEXlPqUsieptzk/FErpQdwslxmE/YbiYOs7Yh1PyvgLtje\nRHEMtNAzD3qxkqKE5ezs7nTgCG6EvBkOzU1UCkfDM6AC+rAMxdApRmxWPG9l6dGK\ngjsEirxVOJ+HsEXh2mMuH1HNnk4Qdg==\n-----END CERTIFICATE-----\n",
            "domain_name": "customers-service-server.local",
            "domain_validation_options": [],
            "early_renewal_duration": "",
            "id": "arn:aws:acm:ap-south-1:610964304957:certificate/3c96e350-2622-4af1-a777-4cfce609f5fa",
            "key_algorithm": "RSA_2048",
            "not_after": "2026-08-16T05:53:49Z",
            "not_before": "2025-08-16T05:53:49Z",
            "options": [
              {
                "certificate_transparency_logging_preference": "DISABLED"
              }
            ],
            "pending_renewal": false,
            "private_key": "-----BEGIN RSA PRIVATE KEY-----\nMIIEpAIBAAKCAQEAn+4g2TFSSkMnLPHGphOYgVRiQO5leKYkpJo7lMG7m32BCesM\nvkys0uVmNzhPPunY4ZPx3qpGaaVlYDViw3Yb+Iz3Bf1cZ9nwFT704YCBmak5xS8W\n7li8eD8IGfIR8RXAbcnhMBdscgjxCjgSntU/Ol4P30dAbfYAu8SIjmmgr5WdUUo/\nfixmDtHIgFBc19naMr1btcnwOJCvbO94pLnHelJgKhhKsIVKSOakRQlL+8k8/0U3\naBbeYsAiA9gRJcbkOwl4qyjhZ/wFVKuNlH97hHFyVTFQINlcyhKRkj6OGb8RK6Lq\nuv8iXHm6k3/TyEWaLMS/qi1yWyV32Er4k5aKqwIDAQABAoIBAAl/MXzUPJ0OTyA7\nHIm2INiP3eRvLkqzdaTp8l8gq0xOGpXahaozPBFV7/OYKL8v/GIA0AcMjhvYkiQx\nZ15QqtPf7bdHAUVldVKS/NBQj4xEC/B/8wOk9KQgp2bVr2e6hpppDNyMjN2vVujo\nGtWgYh3MLMhxybX95V3rthQxhN+IPIHoGgc8Cd1Xvl7eaOgGPAb+58ArUmsoCHeN\n/793o3OwhqFJ/7xE16AkCB1cHR4oaIfx+65UWgTSAs4LZsGQyo9npWASRxZjLYYY\nAJWwcroWuYcLQdszESShQPeiDKyb7neGP9ghA7vSLizKssy4A292T2oXuuKQwMOx\noRNmVcECgYEAxLa5G8BCHflY9gNexIq8lcJEsWjRv9mH0OKsdoANyPRPpdiKky0j\n0lOElHUD/yPKTeA6zJUcEGh63bBiKmcrtfIfHye1ZC7cwd3flM/3dPBBfgEsRP7G\nl26Yu5ajmvmFn7JPUEb/UlwIjU2sZbgyXQdjQEad9ltsw3nK96Ou2mECgYEA0CFm\nq8GM+Y83MOj+U9aAOKvVK7tj205cuMPEnz4rcL4aFMfJmTE0FhOfC+I/xUABeeWq\n0T9XfWfh9huqCRAS1EhgKDIlX8DKR5GJBvmSMcix9syci4fXrTEK6SeXEf/5Nqg5\nv7RXyx9uTf1uPan49b3hGZ7GvgvOJkud4jcY+IsCgYEAgr7MA9TiXRfI+CK/TzTD\nKWqoy53Wo4QK0FyIsm5kOyee9KUbXb0H7RiTqzSnRmJcaSxbCHUm5QT8fPJqHLLc\nC5907fkvh/nZwoUcwMUFPVUewog3C1inWCkrHKt/7FZiaQVT0BCQTQZcrMZuimFG\nICzz29nTzdVwUfBWZggGBKECgYA+euhxg0co2997pVZEIM6ZNKxn1ndhrKKVLN/n\n1igATnFR77ALdwPl5LoIPUFbm51V1KZ07oj7MqZY1XE0C0k7xQZoyrUBi8Stu3jh\nSSakH1Wde0s7b+pFKcXWvHXTh35u9A1yCVeZuLPKYdwoUtBUJU5f/JQ5FR4rzON2\nt4edhQKBgQCDaxkmpg0O8EGXfN+VQTujphbgrwjM6X4emcmWMqFxwE/hyBxSP3So\nmjYGdI2v7Sh8K3vGEIZbFJHJnEkuNa4MZV+xpBm/p0rkVucMi087vckroWrLePmW\nGcWyK05MInNSFTVVeIsExv9qQkIyozELw5pszqj9bXLUiamhTZewoA==\n-----END RSA PRIVATE KEY-----\n",
            "renewal_eligibility": "INELIGIBLE",
            "renewal_summary": [],
            "status": "ISSUED",
            "subject_alternative_names": [
              "customers-service-server.local"
            ],
            "tags": {
              "Name": "customers-service-server-cert"
            },
            "tags_all": {
              "Name": "customers-service-server-cert"
            },
            "type": "IMPORTED",
            "validation_emails": [],
            "validation_method": "NONE",
            "validation_option": []
          },
          "sensitive_attributes": [
            [
              {
                "type": "get_attr",
                "value": "private_key"
              }
            ]
          ],
          "private": "bnVsbA==",
          "dependencies": [
            "module.vpn.tls_cert_request.server",
            "module.vpn.tls_locally_signed_cert.server",
            "module.vpn.tls_private_key.ca",
            "module.vpn.tls_private_key.server",
            "module.vpn.tls_self_signed_cert.ca"
          ]
        }
      ]
    },
    {
      "module": "module.vpn",
      "mode": "managed",
      "type": "aws_ec2_client_vpn_authorization_rule",
      "name": "vpc",
      "provider": "provider[\"registry.terraform.io/hashicorp/aws\"]",
      "instances": [
        {
          "schema_version": 0,
          "attributes": {
            "access_group_id": "",
            "authorize_all_groups": true,
            "client_vpn_endpoint_id": "cvpn-endpoint-036745378d7f38b47",
            "description": "",
            "id": "cvpn-endpoint-036745378d7f38b47,10.0.0.0/16",
            "target_network_cidr": "10.0.0.0/16",
            "timeouts": null
          },
          "sensitive_attributes": [],
          "private": "eyJlMmJmYjczMC1lY2FhLTExZTYtOGY4OC0zNDM2M2JjN2M0YzAiOnsiY3JlYXRlIjo2MDAwMDAwMDAwMDAsImRlbGV0ZSI6NjAwMDAwMDAwMDAwfX0=",
          "dependencies": [
            "module.vpc.aws_vpc.main",
            "module.vpn.aws_acm_certificate.ca",
            "module.vpn.aws_acm_certificate.server",
            "module.vpn.aws_ec2_client_vpn_endpoint.main",
            "module.vpn.tls_cert_request.server",
            "module.vpn.tls_locally_signed_cert.server",
            "module.vpn.tls_private_key.ca",
            "module.vpn.tls_private_key.server",
            "module.vpn.tls_self_signed_cert.ca"
          ]
        }
      ]
    },
    {
      "module": "module.vpn",
      "mode": "managed",
      "type": "aws_ec2_client_vpn_endpoint",
      "name": "main",
      "provider": "provider[\"registry.terraform.io/hashicorp/aws\"]",
      "instances": [
        {
          "schema_version": 0,
          "attributes": {
            "arn": "arn:aws:ec2:ap-south-1:610964304957:client-vpn-endpoint/cvpn-endpoint-036745378d7f38b47",
            "authentication_options": [
              {
                "active_directory_id": "",
                "root_certificate_chain_arn": "arn:aws:acm:ap-south-1:610964304957:certificate/3388054e-f205-4596-a2f1-f2f3fc56cc6f",
                "saml_provider_arn": "",
                "self_service_saml_provider_arn": "",
                "type": "certificate-authentication"
              }
            ],
            "client_cidr_block": "10.1.0.0/16",
            "client_connect_options": [
              {
                "enabled": false,
                "lambda_function_arn": ""
              }
            ],
            "client_login_banner_options": [
              {
                "banner_text": "",
                "enabled": false
              }
            ],
            "client_route_enforcement_options": [
              {
                "enforced": false
              }
            ],
            "connection_log_options": [
              {
                "cloudwatch_log_group": "",
                "cloudwatch_log_stream": "",
                "enabled": false
              }
            ],
            "description": "customers-service Client VPN",
            "disconnect_on_session_timeout": true,
            "dns_name": "*.cvpn-endpoint-036745378d7f38b47.prod.clientvpn.ap-south-1.amazonaws.com",
            "dns_servers": [],
            "id": "cvpn-endpoint-036745378d7f38b47",
            "security_group_ids": [
              "sg-0cdae1216a73db779"
            ],
            "self_service_portal": "disabled",
            "self_service_portal_url": "",
            "server_certificate_arn": "arn:aws:acm:ap-south-1:610964304957:certificate/3c96e350-2622-4af1-a777-4cfce609f5fa",
            "session_timeout_hours": 24,
            "split_tunnel": false,
            "tags": {
              "Name": "customers-service-client-vpn"
            },
            "tags_all": {
              "Name": "customers-service-client-vpn"
            },
            "transport_protocol": "udp",
            "vpc_id": "vpc-0ed62adc254b263f5",
            "vpn_port": 443
          },
          "sensitive_attributes": [],
          "private": "bnVsbA==",
          "dependencies": [
            "module.vpn.aws_acm_certificate.ca",
            "module.vpn.aws_acm_certificate.server",
            "module.vpn.tls_cert_request.server",
            "module.vpn.tls_locally_signed_cert.server",
            "module.vpn.tls_private_key.ca",
            "module.vpn.tls_private_key.server",
            "module.vpn.tls_self_signed_cert.ca"
          ]
        }
      ]
    },
    {
      "module": "module.vpn",
      "mode": "managed",
      "type": "aws_ec2_client_vpn_network_association",
      "name": "main",
      "provider": "provider[\"registry.terraform.io/hashicorp/aws\"]",
      "instances": [
        {
          "schema_version": 0,
          "attributes": {
            "association_id": "cvpn-assoc-03a1acd946a2f722d",
            "client_vpn_endpoint_id": "cvpn-endpoint-036745378d7f38b47",
            "id": "cvpn-assoc-03a1acd946a2f722d",
            "subnet_id": "subnet-05eab9c72dae2d52a",
            "timeouts": null,
            "vpc_id": "vpc-0ed62adc254b263f5"
          },
          "sensitive_attributes": [],
          "private": "eyJlMmJmYjczMC1lY2FhLTExZTYtOGY4OC0zNDM2M2JjN2M0YzAiOnsiY3JlYXRlIjoxODAwMDAwMDAwMDAwLCJkZWxldGUiOjE4MDAwMDAwMDAwMDB9fQ==",
          "dependencies": [
            "module.vpc.aws_subnet.public_1",
            "module.vpc.aws_vpc.main",
            "module.vpc.data.aws_availability_zones.available",
            "module.vpn.aws_acm_certificate.ca",
            "module.vpn.aws_acm_certificate.server",
            "module.vpn.aws_ec2_client_vpn_endpoint.main",
            "module.vpn.tls_cert_request.server",
            "module.vpn.tls_locally_signed_cert.server",
            "module.vpn.tls_private_key.ca",
            "module.vpn.tls_private_key.server",
            "module.vpn.tls_self_signed_cert.ca"
          ]
        }
      ]
    },
    {
      "module": "module.vpn",
      "mode": "managed",
      "type": "tls_cert_request",
      "name": "client",
      "provider": "provider[\"registry.terraform.io/hashicorp/tls\"]",
      "instances": [
        {
          "schema_version": 0,
          "attributes": {
            "cert_request_pem": "-----BEGIN CERTIFICATE REQUEST-----\nMIICxjCCAa4CAQAwRTEaMBgGA1UEChMRY3VzdG9tZXJzLXNlcnZpY2UxJzAlBgNV\nBAMTHmN1c3RvbWVycy1zZXJ2aWNlLWNsaWVudC5sb2NhbDCCASIwDQYJKoZIhvcN\nAQEBBQADggEPADCCAQoCggEBAPdODPT/IubdVhU3FQchcUdSlcUjXmQiPQ4WPA7d\nhBMXIKKatukA+CiX7qTOncX6erBfch14tuyji1oAM5DLwXxW82ISNCkGEgoI7io0\nkojWWzgV9pYro3fQgZTFQgVI/oUaW0NPyf1Vy1rMXdTcw8H1Wu7JwBkXV9+bs9SP\n9LCbSn/scArl7o0P5otVtBknQLx2j7TFSLeYO+m+x8PqeeMd8EaYV95uyVf9WRS2\n8TKnPOaE87qhPwyXU/yHZYP0vAp3sYjEf8erEYSOJa+quI+Was4ewrXHEVmKdQG2\nfmijd11KDhcYnDRyP3gu+0qy2T+CKnlrNrmh1tIY34pqcLkCAwEAAaA8MDoGCSqG\nSIb3DQEJDjEtMCswKQYDVR0RBCIwIIIeY3VzdG9tZXJzLXNlcnZpY2UtY2xpZW50\nLmxvY2FsMA0GCSqGSIb3DQEBCwUAA4IBAQCCdCBanW1pxBlvBTF5wr5vUuF4UhXw\n7l3oupnQ8/RMlRBQLmMRaYOceKwLBmjgkh7C1L1WWgk6JsPzc0mNorpToCqRDqn+\njmQkvOBkzymB4Bo56QqnTxt5fAIEu1KUiOF6VTjDTtpQ+sFW7zVtGfRhHwYVRYKB\n/xUJzYQO+aZEAsYirm2a0rc8hXtkutJCwGaSJUadMlqjduh6LMHchTmrKZd12Ml1\nxXhFEe0kckQpWPhg/z79AUpnIF6dKhk31o8sa1lGh0S3fhoU7H9RabxI9eLInaWU\neMoYjgewClIzIK20ijCCi8O8kWU162cJCbyAe42xy+6R31jh+T0wertw\n-----END CERTIFICATE REQUEST-----\n",
            "dns_names": [
              "customers-service-client.local"
            ],
            "id": "c9cdbd5c80418b092b391e38f151f8078f29ae86",
            "ip_addresses": null,
            "key_algorithm": "RSA",
            "private_key_pem": "-----BEGIN RSA PRIVATE KEY-----\nMIIEpAIBAAKCAQEA904M9P8i5t1WFTcVByFxR1KVxSNeZCI9DhY8Dt2EExcgopq2\n6QD4KJfupM6dxfp6sF9yHXi27KOLWgAzkMvBfFbzYhI0KQYSCgjuKjSSiNZbOBX2\nliujd9CBlMVCBUj+hRpbQ0/J/VXLWsxd1NzDwfVa7snAGRdX35uz1I/0sJtKf+xw\nCuXujQ/mi1W0GSdAvHaPtMVIt5g76b7Hw+p54x3wRphX3m7JV/1ZFLbxMqc85oTz\nuqE/DJdT/Idlg/S8CnexiMR/x6sRhI4lr6q4j5Zqzh7CtccRWYp1AbZ+aKN3XUoO\nFxicNHI/eC77SrLZP4IqeWs2uaHW0hjfimpwuQIDAQABAoIBACHi2/umCg5APc9i\nYMs9VdxEAKmmkwR9fIg1m70dtT84aAxfzrhWnapSRyzl8tBx5eXM7kIDjG0Ya7vF\nU0t/3989utOxUtxcLJSbbKbz1TBSzuT8fXFOQXPlahwMe2NmARoT5nVutWq1Gswy\nPJkyNtCY4gDePCgz/qJxH078+rZIDBNwax/aV6jG+ezmUhTdXFgkQhAOebsaPsRK\nVMJGkyXY8aPfmv/pw0+/juLq5yJy+WbntfnDIz7a9ctcSZgU7Z0whdhKext6hVLY\nM8YmdpZvZkrDQHx9Sw/4eGuh3uWXdVYrpuhkY3EXaxGli8mm5+q5P3GclbvS4jH4\nBRO/ktECgYEA+GRj1ncQhID6x2lVQNPQ01jkmBJTojVJlhUDVZC06TbeQV5gyNQA\nixnVJBDsDpqi9n1CphVpjuFAEguOQvy0/rN+xLOmRg54KE2pfaliW1N8mq+zJALe\n0h8ntCkyE7HyG+XlDddxXFyH1nJQlRDujsjC1DayS8qY/p8MfAWBBHMCgYEA/uEi\nsm20llD/CVs9B6YNTIFQrbu+V6shjVskx+8m0IStZVVsYycH3YBTzlDwzIwY6z8m\nVy6X5tjyjK36P3tRXbii2+7EC0HDBgaAHsco3tzUAVGTjV+dHPuRYYNFSRb7ZOJx\nDrq2iMf72jm8Q1rff+XlBP0pmWPI7fR/BGx9lyMCgYEA8H9S4y35AjJXnYfxEYmE\noX1qJ4tnCqEJlJTX25r2bu+/Fg+pKgmKVSQ36GmyBRnYO0xgoaoNwFd7z3z8ywMe\nw5VLYmyGy0HrOSqotpCwOLiG5sbDblSRJWUg7iEM6WDbiAN5WYOFsOWuaAXa29m/\nAOSFLy+eRh/tLmsUjWhO2N0CgYBootKUv9cIct4Q4EUQ08nX46rUeCPvZ9ERcB6M\nehDMP/vTgxtJJWfkNl+xbqc8wjMkuLsrxXQVEHGa8X2v/BduS3OIqOAQ4wGGgrqs\naATOYYgjtnLF8j/U+y43AyY5mFbClvflHR/8zWUGtPcmC7N/lUjNIIWodD+z+NEA\nZu20UwKBgQCdD3xBnPkSi/KGvNiadjNxiTJSwQuzHpGnDbvb7JHWEkXb0vL/dx+e\nqN3QRKjHuQhUM/d61hpHuhwuCNGowb7/PTjBxa61fzn3k2+ocrpCOKhX4JR4Xghy\ns8S9OFylK5LUfV1l4bVJtF3qdF0xtNEIAHDqnMzxDFHfR2HBTEgFfw==\n-----END RSA PRIVATE KEY-----\n",
            "subject": [
              {
                "common_name": "customers-service-client.local",
                "country": null,
                "email_address": null,
                "locality": null,
                "organization": "customers-service",
                "organizational_unit": null,
                "postal_code": null,
                "province": null,
                "serial_number": null,
                "street_address": null
              }
            ],
            "uris": null
          },
          "sensitive_attributes": [
            [
              {
                "type": "get_attr",
                "value": "private_key_pem"
              }
            ]
          ],
          "dependencies": [
            "module.vpn.tls_private_key.client"
          ]
        }
      ]
    },
    {
      "module": "module.vpn",
      "mode": "managed",
      "type": "tls_cert_request",
      "name": "server",
      "provider": "provider[\"registry.terraform.io/hashicorp/tls\"]",
      "instances": [
        {
          "schema_version": 0,
          "attributes": {
            "cert_request_pem": "-----BEGIN CERTIFICATE REQUEST-----\nMIICxjCCAa4CAQAwRTEaMBgGA1UEChMRY3VzdG9tZXJzLXNlcnZpY2UxJzAlBgNV\nBAMTHmN1c3RvbWVycy1zZXJ2aWNlLXNlcnZlci5sb2NhbDCCASIwDQYJKoZIhvcN\nAQEBBQADggEPADCCAQoCggEBAJ/uINkxUkpDJyzxxqYTmIFUYkDuZXimJKSaO5TB\nu5t9gQnrDL5MrNLlZjc4Tz7p2OGT8d6qRmmlZWA1YsN2G/iM9wX9XGfZ8BU+9OGA\ngZmpOcUvFu5YvHg/CBnyEfEVwG3J4TAXbHII8Qo4Ep7VPzpeD99HQG32ALvEiI5p\noK+VnVFKP34sZg7RyIBQXNfZ2jK9W7XJ8DiQr2zveKS5x3pSYCoYSrCFSkjmpEUJ\nS/vJPP9FN2gW3mLAIgPYESXG5DsJeKso4Wf8BVSrjZR/e4RxclUxUCDZXMoSkZI+\njhm/ESui6rr/Ilx5upN/08hFmizEv6otclsld9hK+JOWiqsCAwEAAaA8MDoGCSqG\nSIb3DQEJDjEtMCswKQYDVR0RBCIwIIIeY3VzdG9tZXJzLXNlcnZpY2Utc2VydmVy\nLmxvY2FsMA0GCSqGSIb3DQEBCwUAA4IBAQBt1IrztSYAxc4SLYOWrMJLX9VYLmEd\nxqbUFBz9bxaHIJ4q/7pkOs0co06h/1uTHzOm+wMoriJSz049RbJkMcxCP/HISOEX\nV2U9JKBzCBhrWp9EBOJuz0KrV5X5ijEXoAXpMnwsEuds5x7naNTXBmAVx1rRH4R5\ndo0np5WB55jd+veR5bnEuboBQeMkWWML9helj92zYKFa71QcxXKkxr020/svC+Ah\nFyg+57Um/oEtAONNJuotrGY1O6cBvtAaUiMRFw7JBIFcNpXZWNWQm9dTGnrMPs0C\nj0+XCxAjDihbMSO6Bwhx8J25Cn+oPGhm/1jijkCGPJdWZiyyXhXC+Q5A\n-----END CERTIFICATE REQUEST-----\n",
            "dns_names": [
              "customers-service-server.local"
            ],
            "id": "6ec2297512209cd51fc6ff9d4a3bbae99a630c1a",
            "ip_addresses": null,
            "key_algorithm": "RSA",
            "private_key_pem": "-----BEGIN RSA PRIVATE KEY-----\nMIIEpAIBAAKCAQEAn+4g2TFSSkMnLPHGphOYgVRiQO5leKYkpJo7lMG7m32BCesM\nvkys0uVmNzhPPunY4ZPx3qpGaaVlYDViw3Yb+Iz3Bf1cZ9nwFT704YCBmak5xS8W\n7li8eD8IGfIR8RXAbcnhMBdscgjxCjgSntU/Ol4P30dAbfYAu8SIjmmgr5WdUUo/\nfixmDtHIgFBc19naMr1btcnwOJCvbO94pLnHelJgKhhKsIVKSOakRQlL+8k8/0U3\naBbeYsAiA9gRJcbkOwl4qyjhZ/wFVKuNlH97hHFyVTFQINlcyhKRkj6OGb8RK6Lq\nuv8iXHm6k3/TyEWaLMS/qi1yWyV32Er4k5aKqwIDAQABAoIBAAl/MXzUPJ0OTyA7\nHIm2INiP3eRvLkqzdaTp8l8gq0xOGpXahaozPBFV7/OYKL8v/GIA0AcMjhvYkiQx\nZ15QqtPf7bdHAUVldVKS/NBQj4xEC/B/8wOk9KQgp2bVr2e6hpppDNyMjN2vVujo\nGtWgYh3MLMhxybX95V3rthQxhN+IPIHoGgc8Cd1Xvl7eaOgGPAb+58ArUmsoCHeN\n/793o3OwhqFJ/7xE16AkCB1cHR4oaIfx+65UWgTSAs4LZsGQyo9npWASRxZjLYYY\nAJWwcroWuYcLQdszESShQPeiDKyb7neGP9ghA7vSLizKssy4A292T2oXuuKQwMOx\noRNmVcECgYEAxLa5G8BCHflY9gNexIq8lcJEsWjRv9mH0OKsdoANyPRPpdiKky0j\n0lOElHUD/yPKTeA6zJUcEGh63bBiKmcrtfIfHye1ZC7cwd3flM/3dPBBfgEsRP7G\nl26Yu5ajmvmFn7JPUEb/UlwIjU2sZbgyXQdjQEad9ltsw3nK96Ou2mECgYEA0CFm\nq8GM+Y83MOj+U9aAOKvVK7tj205cuMPEnz4rcL4aFMfJmTE0FhOfC+I/xUABeeWq\n0T9XfWfh9huqCRAS1EhgKDIlX8DKR5GJBvmSMcix9syci4fXrTEK6SeXEf/5Nqg5\nv7RXyx9uTf1uPan49b3hGZ7GvgvOJkud4jcY+IsCgYEAgr7MA9TiXRfI+CK/TzTD\nKWqoy53Wo4QK0FyIsm5kOyee9KUbXb0H7RiTqzSnRmJcaSxbCHUm5QT8fPJqHLLc\nC5907fkvh/nZwoUcwMUFPVUewog3C1inWCkrHKt/7FZiaQVT0BCQTQZcrMZuimFG\nICzz29nTzdVwUfBWZggGBKECgYA+euhxg0co2997pVZEIM6ZNKxn1ndhrKKVLN/n\n1igATnFR77ALdwPl5LoIPUFbm51V1KZ07oj7MqZY1XE0C0k7xQZoyrUBi8Stu3jh\nSSakH1Wde0s7b+pFKcXWvHXTh35u9A1yCVeZuLPKYdwoUtBUJU5f/JQ5FR4rzON2\nt4edhQKBgQCDaxkmpg0O8EGXfN+VQTujphbgrwjM6X4emcmWMqFxwE/hyBxSP3So\nmjYGdI2v7Sh8K3vGEIZbFJHJnEkuNa4MZV+xpBm/p0rkVucMi087vckroWrLePmW\nGcWyK05MInNSFTVVeIsExv9qQkIyozELw5pszqj9bXLUiamhTZewoA==\n-----END RSA PRIVATE KEY-----\n",
            "subject": [
              {
                "common_name": "customers-service-server.local",
                "country": null,
                "email_address": null,
                "locality": null,
                "organization": "customers-service",
                "organizational_unit": null,
                "postal_code": null,
                "province": null,
                "serial_number": null,
                "street_address": null
              }
            ],
            "uris": null
          },
          "sensitive_attributes": [
            [
              {
                "type": "get_attr",
                "value": "private_key_pem"
              }
            ]
          ],
          "dependencies": [
            "module.vpn.tls_private_key.server"
          ]
        }
      ]
    },
    {
      "module": "module.vpn",
      "mode": "managed",
      "type": "tls_locally_signed_cert",
      "name": "client",
      "provider": "provider[\"registry.terraform.io/hashicorp/tls\"]",
      "instances": [
        {
          "schema_version": 0,
          "attributes": {
            "allowed_uses": [
              "key_encipherment",
              "digital_signature",
              "client_auth"
            ],
            "ca_cert_pem": "-----BEGIN CERTIFICATE-----\nMIIDQjCCAiqgAwIBAgIQQmt3tlSzROkv5CCJkj4KbjANBgkqhkiG9w0BAQsFADA7\nMRowGAYDVQQKExFjdXN0b21lcnMtc2VydmljZTEdMBsGA1UEAxMUY3VzdG9tZXJz\nLXNlcnZpY2UtY2EwHhcNMjUwODE2MDU1MzQ5WhcNMjYwODE2MDU1MzQ5WjA7MRow\nGAYDVQQKExFjdXN0b21lcnMtc2VydmljZTEdMBsGA1UEAxMUY3VzdG9tZXJzLXNl\ncnZpY2UtY2EwggEiMA0GCSqGSIb3DQEBAQUAA4IBDwAwggEKAoIBAQC7MKrmyx9h\nPJkfycg5kOYdTryeBWEluKQzkvy6+apGFpZ/1risC0XGU7yByxU91blwjK6runFT\nHnJmw8v5F+FnlvMxtSLPhMgJJf/9NlcPEW/UDgpGU0FoqULyCzVLHrSMQGzTWP2z\nEYoND3m91UzMc9SzZ1HLR6yUX93wny9N0Sr3iDss/QcRwqtAIUW8foxqAsRT6O5B\npQaD+PP8PDntOjl5Nv5SVwn2Xd4Ti+7vpkqqMXEs7q7rnQKrPv5hUNMZKPF0+ati\nYIrwXYvluypUFMRNli92BrnkjRbTf4mvdhMrFrry+21VnPXRk3YN2Xus/8yIoI0o\nGZ1Jzawjn1dbAgMBAAGjQjBAMA4GA1UdDwEB/wQEAwICpDAPBgNVHRMBAf8EBTAD\nAQH/MB0GA1UdDgQWBBSPej4ieycYP/Vz26zNNACqttOZyzANBgkqhkiG9w0BAQsF\nAAOCAQEAm0aRQ+BVhRDFVpjzMRuH+K44Sbtnv6ffoRqRfbz//wn+l4dCYWuWh2et\n3MuKM8ooixFw37cyNk7BhhvyTnW+PMuWE/HD/FmJTdtXg614DRPKGYCXBJze9kHO\nc30InhJ0/85HVKBPc37QlsXbpS4hanCBoyKwO3czY5zSUUF+ZtZHB0mKrubmrc7x\nbOh/VB+zvR8tPISx1puEXlPqUsieptzk/FErpQdwslxmE/YbiYOs7Yh1PyvgLtje\nRHEMtNAzD3qxkqKE5ezs7nTgCG6EvBkOzU1UCkfDM6AC+rAMxdApRmxWPG9l6dGK\ngjsEirxVOJ+HsEXh2mMuH1HNnk4Qdg==\n-----END CERTIFICATE-----\n",
            "ca_key_algorithm": "RSA",
            "ca_private_key_pem": "-----BEGIN RSA PRIVATE KEY-----\nMIIEowIBAAKCAQEAuzCq5ssfYTyZH8nIOZDmHU68ngVhJbikM5L8uvmqRhaWf9a4\nrAtFxlO8gcsVPdW5cIyuq7pxUx5yZsPL+RfhZ5bzMbUiz4TICSX//TZXDxFv1A4K\nRlNBaKlC8gs1Sx60jEBs01j9sxGKDQ95vdVMzHPUs2dRy0eslF/d8J8vTdEq94g7\nLP0HEcKrQCFFvH6MagLEU+juQaUGg/jz/Dw57To5eTb+UlcJ9l3eE4vu76ZKqjFx\nLO6u650Cqz7+YVDTGSjxdPmrYmCK8F2L5bsqVBTETZYvdga55I0W03+Jr3YTKxa6\n8vttVZz10ZN2Ddl7rP/MiKCNKBmdSc2sI59XWwIDAQABAoIBAAKzWYvZ21qKRsVE\nInzeH8vFcogvGK80Ij5SPQ4vgure8Y3nmaN1yCxr0djnhqdtOW8rwGte1bq2wjzE\nT2GJHCnj7h9F9zoaNs6W+0H6cjgX7s6W40QPeG6bnokia0Lprv4lAczsyEA4nQ7C\nLeX0uVZrx2JNN8tgfddoKKoLieGsAALLDZ+gdXhfeBer312SOhgeHpunMBxZYAJK\nEP+Gs3VQEJm9aK4RgnJap33jQCETioqG81fIy/W5aNAaFXdH+HxH5ZLIissToOJS\n+gc0rzstelVOnJv7OYhhzd8s2Im2FYYgE0t7io0GA9mvmL25OdC/UOHjXyw1+XT/\nrcbOQWkCgYEA8l6WKvRa1Fm/7rM5QiiUD6YG6szWWp27euwIbulWonGlNmxnSBMy\nq68VqzSw0h1GZvKim9iDOwvp0mEogxjOTudVgKNSV7L5sSaAh+9d3BC1xvPYCoZM\n8Kr8G5OdHezf3zaRhcu7YWuJqVkhC1KYwxxRGah7DTUnHN/OhOU61DkCgYEAxbeo\ntgK7FNiEktDgJu09kJKl9XohqupQEKAtXLTBUIp3qIjzVopcaSVGWFvhMzS/ke4e\nGTnZCvM609K2WEHCEmivmt9uT9zGTYy1y7sljAhsy5by1DnSjnEdkhD8FceQDBjp\nAL8NrUR9eCSpiRrWtZgXt478driPOVkJo2O/kDMCgYAZRvocYr2yVeXpjDGVj8vZ\nUfR4uoJEkxzBdipu/tD1Qir74RRodPAc7bax0135m+oCxJ1m6Y7OMrDhKxbhjU2+\n9ut47g+ha94UtrJC+xjr4aZDqJzIhDc0BnEioyOIwnKawgMtVBEn2OJTkiMbHjMm\nbiabKXIj734zybetLocTKQKBgDA07mqqUcjsXa6aRPzYvTkBuHsYsxrEFI9pLoY7\nACNOD4zFD2ebRprQXs1uYYMlqku/XhFSfGviEAbTimgMaHAqnB5Luc65CpSf6Tdq\nQuZYq4YcIMrD6mWWiNozT/NTe/inHjBzZLdJSro/XiKyq4UNN0MnFsEvkKQv5Fy1\nFmDnAoGBAMI0hNL5P5u7Zu4Z/AuelDjjtN81gWKGCzqgNVnSxAqdxNQ3lyHuiFGQ\nFJNitgOlLNq8q3bvSNaR07gxswg6gMYJilZHyOmihIx+l7Xa6BzG4Ar4yR2atAsE\nFRLCkSA7lEOzt3IIEx5b6Cy8RtxBrQ+Wx+p6WIYTHg2QZBFC7Eg3\n-----END RSA PRIVATE KEY-----\n",
            "cert_pem": "-----BEGIN CERTIFICATE-----\nMIIDjDCCAnSgAwIBAgIQYY2XJR2a0W2JrneEJTrGDzANBgkqhkiG9w0BAQsFADA7\nMRowGAYDVQQKExFjdXN0b21lcnMtc2VydmljZTEdMBsGA1UEAxMUY3VzdG9tZXJz\nLXNlcnZpY2UtY2EwHhcNMjUwODE2MDU1MzQ5WhcNMjYwODE2MDU1MzQ5WjBFMRow\nGAYDVQQKExFjdXN0b21lcnMtc2VydmljZTEnMCUGA1UEAxMeY3VzdG9tZXJzLXNl\ncnZpY2UtY2xpZW50LmxvY2FsMIIBIjANBgkqhkiG9w0BAQEFAAOCAQ8AMIIBCgKC\nAQEA904M9P8i5t1WFTcVByFxR1KVxSNeZCI9DhY8Dt2EExcgopq26QD4KJfupM6d\nxfp6sF9yHXi27KOLWgAzkMvBfFbzYhI0KQYSCgjuKjSSiNZbOBX2liujd9CBlMVC\nBUj+hRpbQ0/J/VXLWsxd1NzDwfVa7snAGRdX35uz1I/0sJtKf+xwCuXujQ/mi1W0\nGSdAvHaPtMVIt5g76b7Hw+p54x3wRphX3m7JV/1ZFLbxMqc85oTzuqE/DJdT/Idl\ng/S8CnexiMR/x6sRhI4lr6q4j5Zqzh7CtccRWYp1AbZ+aKN3XUoOFxicNHI/eC77\nSrLZP4IqeWs2uaHW0hjfimpwuQIDAQABo4GBMH8wDgYDVR0PAQH/BAQDAgWgMBMG\nA1UdJQQMMAoGCCsGAQUFBwMCMAwGA1UdEwEB/wQCMAAwHwYDVR0jBBgwFoAUj3o+\nInsnGD/1c9uszTQAqrbTmcswKQYDVR0RBCIwIIIeY3VzdG9tZXJzLXNlcnZpY2Ut\nY2xpZW50LmxvY2FsMA0GCSqGSIb3DQEBCwUAA4IBAQB9WSUBSmMWNqg9deOyzLn+\nz53WM1WGp0Ornqh4jltx1KSyk3hff6ZOSiylBroOxMcbDWyy9DZqnnZ+/KMvVn5j\nXfY/UM6P8b05ZlcIY9/3DnJ9psFmJaL3IQDxEYnIOaMgrOEwa/AwFZRzGVvtCUdJ\nbGHz0WEvZR0R+8+lLxXpKkgcUeASm2M8yb5gGHQjfaYCvlxFidBPWj/+wuz/Yl4o\nl4Fl6Qsop6BvBYtUWiJnZ9hHqDPmLRHOpNanKXLba3rr5pDJcNblDfGpjYhPHJKj\nTq3XZWbVtL0R6SHTp0jK8uZJFqrApXcJ/aTsbTA9CbxuWsRiFzFce2kpIJmm1yDO\n-----END CERTIFICATE-----\n",
            "cert_request_pem": "-----BEGIN CERTIFICATE REQUEST-----\nMIICxjCCAa4CAQAwRTEaMBgGA1UEChMRY3VzdG9tZXJzLXNlcnZpY2UxJzAlBgNV\nBAMTHmN1c3RvbWVycy1zZXJ2aWNlLWNsaWVudC5sb2NhbDCCASIwDQYJKoZIhvcN\nAQEBBQADggEPADCCAQoCggEBAPdODPT/IubdVhU3FQchcUdSlcUjXmQiPQ4WPA7d\nhBMXIKKatukA+CiX7qTOncX6erBfch14tuyji1oAM5DLwXxW82ISNCkGEgoI7io0\nkojWWzgV9pYro3fQgZTFQgVI/oUaW0NPyf1Vy1rMXdTcw8H1Wu7JwBkXV9+bs9SP\n9LCbSn/scArl7o0P5otVtBknQLx2j7TFSLeYO+m+x8PqeeMd8EaYV95uyVf9WRS2\n8TKnPOaE87qhPwyXU/yHZYP0vAp3sYjEf8erEYSOJa+quI+Was4ewrXHEVmKdQG2\nfmijd11KDhcYnDRyP3gu+0qy2T+CKnlrNrmh1tIY34pqcLkCAwEAAaA8MDoGCSqG\nSIb3DQEJDjEtMCswKQYDVR0RBCIwIIIeY3VzdG9tZXJzLXNlcnZpY2UtY2xpZW50\nLmxvY2FsMA0GCSqGSIb3DQEBCwUAA4IBAQCCdCBanW1pxBlvBTF5wr5vUuF4UhXw\n7l3oupnQ8/RMlRBQLmMRaYOceKwLBmjgkh7C1L1WWgk6JsPzc0mNorpToCqRDqn+\njmQkvOBkzymB4Bo56QqnTxt5fAIEu1KUiOF6VTjDTtpQ+sFW7zVtGfRhHwYVRYKB\n/xUJzYQO+aZEAsYirm2a0rc8hXtkutJCwGaSJUadMlqjduh6LMHchTmrKZd12Ml1\nxXhFEe0kckQpWPhg/z79AUpnIF6dKhk31o8sa1lGh0S3fhoU7H9RabxI9eLInaWU\neMoYjgewClIzIK20ijCCi8O8kWU162cJCbyAe42xy+6R31jh+T0wertw\n-----END CERTIFICATE REQUEST-----\n",
            "early_renewal_hours": 0,
            "id": "129670295032644643653557273940385777167",
            "is_ca_certificate": false,
            "ready_for_renewal": false,
            "set_subject_key_id": false,
            "validity_end_time": "2026-08-16T11:23:49.6344138+05:30",
            "validity_period_hours": 8760,
            "validity_start_time": "2025-08-16T11:23:49.6344138+05:30"
          },
          "sensitive_attributes": [
            [
              {
                "type": "get_attr",
                "value": "ca_private_key_pem"
              }
            ]
          ],
          "dependencies": [
            "module.vpn.tls_cert_request.client",
            "module.vpn.tls_private_key.ca",
            "module.vpn.tls_private_key.client",
            "module.vpn.tls_self_signed_cert.ca"
          ]
        }
      ]
    },
    {
      "module": "module.vpn",
      "mode": "managed",
      "type": "tls_locally_signed_cert",
      "name": "server",
      "provider": "provider[\"registry.terraform.io/hashicorp/tls\"]",
      "instances": [
        {
          "schema_version": 0,
          "attributes": {
            "allowed_uses": [
              "key_encipherment",
              "digital_signature",
              "server_auth"
            ],
            "ca_cert_pem": "-----BEGIN CERTIFICATE-----\nMIIDQjCCAiqgAwIBAgIQQmt3tlSzROkv5CCJkj4KbjANBgkqhkiG9w0BAQsFADA7\nMRowGAYDVQQKExFjdXN0b21lcnMtc2VydmljZTEdMBsGA1UEAxMUY3VzdG9tZXJz\nLXNlcnZpY2UtY2EwHhcNMjUwODE2MDU1MzQ5WhcNMjYwODE2MDU1MzQ5WjA7MRow\nGAYDVQQKExFjdXN0b21lcnMtc2VydmljZTEdMBsGA1UEAxMUY3VzdG9tZXJzLXNl\ncnZpY2UtY2EwggEiMA0GCSqGSIb3DQEBAQUAA4IBDwAwggEKAoIBAQC7MKrmyx9h\nPJkfycg5kOYdTryeBWEluKQzkvy6+apGFpZ/1risC0XGU7yByxU91blwjK6runFT\nHnJmw8v5F+FnlvMxtSLPhMgJJf/9NlcPEW/UDgpGU0FoqULyCzVLHrSMQGzTWP2z\nEYoND3m91UzMc9SzZ1HLR6yUX93wny9N0Sr3iDss/QcRwqtAIUW8foxqAsRT6O5B\npQaD+PP8PDntOjl5Nv5SVwn2Xd4Ti+7vpkqqMXEs7q7rnQKrPv5hUNMZKPF0+ati\nYIrwXYvluypUFMRNli92BrnkjRbTf4mvdhMrFrry+21VnPXRk3YN2Xus/8yIoI0o\nGZ1Jzawjn1dbAgMBAAGjQjBAMA4GA1UdDwEB/wQEAwICpDAPBgNVHRMBAf8EBTAD\nAQH/MB0GA1UdDgQWBBSPej4ieycYP/Vz26zNNACqttOZyzANBgkqhkiG9w0BAQsF\nAAOCAQEAm0aRQ+BVhRDFVpjzMRuH+K44Sbtnv6ffoRqRfbz//wn+l4dCYWuWh2et\n3MuKM8ooixFw37cyNk7BhhvyTnW+PMuWE/HD/FmJTdtXg614DRPKGYCXBJze9kHO\nc30InhJ0/85HVKBPc37QlsXbpS4hanCBoyKwO3czY5zSUUF+ZtZHB0mKrubmrc7x\nbOh/VB+zvR8tPISx1puEXlPqUsieptzk/FErpQdwslxmE/YbiYOs7Yh1PyvgLtje\nRHEMtNAzD3qxkqKE5ezs7nTgCG6EvBkOzU1UCkfDM6AC+rAMxdApRmxWPG9l6dGK\ngjsEirxVOJ+HsEXh2mMuH1HNnk4Qdg==\n-----END CERTIFICATE-----\n",
            "ca_key_algorithm": "RSA",
            "ca_private_key_pem": "-----BEGIN RSA PRIVATE KEY-----\nMIIEowIBAAKCAQEAuzCq5ssfYTyZH8nIOZDmHU68ngVhJbikM5L8uvmqRhaWf9a4\nrAtFxlO8gcsVPdW5cIyuq7pxUx5yZsPL+RfhZ5bzMbUiz4TICSX//TZXDxFv1A4K\nRlNBaKlC8gs1Sx60jEBs01j9sxGKDQ95vdVMzHPUs2dRy0eslF/d8J8vTdEq94g7\nLP0HEcKrQCFFvH6MagLEU+juQaUGg/jz/Dw57To5eTb+UlcJ9l3eE4vu76ZKqjFx\nLO6u650Cqz7+YVDTGSjxdPmrYmCK8F2L5bsqVBTETZYvdga55I0W03+Jr3YTKxa6\n8vttVZz10ZN2Ddl7rP/MiKCNKBmdSc2sI59XWwIDAQABAoIBAAKzWYvZ21qKRsVE\nInzeH8vFcogvGK80Ij5SPQ4vgure8Y3nmaN1yCxr0djnhqdtOW8rwGte1bq2wjzE\nT2GJHCnj7h9F9zoaNs6W+0H6cjgX7s6W40QPeG6bnokia0Lprv4lAczsyEA4nQ7C\nLeX0uVZrx2JNN8tgfddoKKoLieGsAALLDZ+gdXhfeBer312SOhgeHpunMBxZYAJK\nEP+Gs3VQEJm9aK4RgnJap33jQCETioqG81fIy/W5aNAaFXdH+HxH5ZLIissToOJS\n+gc0rzstelVOnJv7OYhhzd8s2Im2FYYgE0t7io0GA9mvmL25OdC/UOHjXyw1+XT/\nrcbOQWkCgYEA8l6WKvRa1Fm/7rM5QiiUD6YG6szWWp27euwIbulWonGlNmxnSBMy\nq68VqzSw0h1GZvKim9iDOwvp0mEogxjOTudVgKNSV7L5sSaAh+9d3BC1xvPYCoZM\n8Kr8G5OdHezf3zaRhcu7YWuJqVkhC1KYwxxRGah7DTUnHN/OhOU61DkCgYEAxbeo\ntgK7FNiEktDgJu09kJKl9XohqupQEKAtXLTBUIp3qIjzVopcaSVGWFvhMzS/ke4e\nGTnZCvM609K2WEHCEmivmt9uT9zGTYy1y7sljAhsy5by1DnSjnEdkhD8FceQDBjp\nAL8NrUR9eCSpiRrWtZgXt478driPOVkJo2O/kDMCgYAZRvocYr2yVeXpjDGVj8vZ\nUfR4uoJEkxzBdipu/tD1Qir74RRodPAc7bax0135m+oCxJ1m6Y7OMrDhKxbhjU2+\n9ut47g+ha94UtrJC+xjr4aZDqJzIhDc0BnEioyOIwnKawgMtVBEn2OJTkiMbHjMm\nbiabKXIj734zybetLocTKQKBgDA07mqqUcjsXa6aRPzYvTkBuHsYsxrEFI9pLoY7\nACNOD4zFD2ebRprQXs1uYYMlqku/XhFSfGviEAbTimgMaHAqnB5Luc65CpSf6Tdq\nQuZYq4YcIMrD6mWWiNozT/NTe/inHjBzZLdJSro/XiKyq4UNN0MnFsEvkKQv5Fy1\nFmDnAoGBAMI0hNL5P5u7Zu4Z/AuelDjjtN81gWKGCzqgNVnSxAqdxNQ3lyHuiFGQ\nFJNitgOlLNq8q3bvSNaR07gxswg6gMYJilZHyOmihIx+l7Xa6BzG4Ar4yR2atAsE\nFRLCkSA7lEOzt3IIEx5b6Cy8RtxBrQ+Wx+p6WIYTHg2QZBFC7Eg3\n-----END RSA PRIVATE KEY-----\n",
            "cert_pem": "-----BEGIN CERTIFICATE-----\nMIIDjDCCAnSgAwIBAgIQfUtijztVivBI/3JJFLQAqzANBgkqhkiG9w0BAQsFADA7\nMRowGAYDVQQKExFjdXN0b21lcnMtc2VydmljZTEdMBsGA1UEAxMUY3VzdG9tZXJz\nLXNlcnZpY2UtY2EwHhcNMjUwODE2MDU1MzQ5WhcNMjYwODE2MDU1MzQ5WjBFMRow\nGAYDVQQKExFjdXN0b21lcnMtc2VydmljZTEnMCUGA1UEAxMeY3VzdG9tZXJzLXNl\ncnZpY2Utc2VydmVyLmxvY2FsMIIBIjANBgkqhkiG9w0BAQEFAAOCAQ8AMIIBCgKC\nAQEAn+4g2TFSSkMnLPHGphOYgVRiQO5leKYkpJo7lMG7m32BCesMvkys0uVmNzhP\nPunY4ZPx3qpGaaVlYDViw3Yb+Iz3Bf1cZ9nwFT704YCBmak5xS8W7li8eD8IGfIR\n8RXAbcnhMBdscgjxCjgSntU/Ol4P30dAbfYAu8SIjmmgr5WdUUo/fixmDtHIgFBc\n19naMr1btcnwOJCvbO94pLnHelJgKhhKsIVKSOakRQlL+8k8/0U3aBbeYsAiA9gR\nJcbkOwl4qyjhZ/wFVKuNlH97hHFyVTFQINlcyhKRkj6OGb8RK6Lquv8iXHm6k3/T\nyEWaLMS/qi1yWyV32Er4k5aKqwIDAQABo4GBMH8wDgYDVR0PAQH/BAQDAgWgMBMG\nA1UdJQQMMAoGCCsGAQUFBwMBMAwGA1UdEwEB/wQCMAAwHwYDVR0jBBgwFoAUj3o+\nInsnGD/1c9uszTQAqrbTmcswKQYDVR0RBCIwIIIeY3VzdG9tZXJzLXNlcnZpY2Ut\nc2VydmVyLmxvY2FsMA0GCSqGSIb3DQEBCwUAA4IBAQC5+q09/VmFRTNqAiDoH/3G\nK9Jg+oOclvxdq7DYajA6280W4PLmQTgawLvR9VDo/ddd6c4djd6zKcNswAK9qnZo\nSkhvjA8YZCqkA41BVFWNidtnaxrMZZ9PIcdpdgKbPyc+f4fOSa9xvXzvKLw8tRCC\n8u251jJeml6W79vF192NnE21vVXipJwJj6mpFFbnZFV1ZEwU9YsbeYqFmZ877zZz\ndtrGEBoAGQCG5zTVd26IhzVjxp7Nqfkobo1WXL9mUcPZL64d3DBA+/sDbuo/TMhX\nG5ic10b/t197lWSmYCrULUtb3SMh2L1KIqWrlyatfcCa/LdT7IOL7FPraLfokXgI\n-----END CERTIFICATE-----\n",
            "cert_request_pem": "-----BEGIN CERTIFICATE REQUEST-----\nMIICxjCCAa4CAQAwRTEaMBgGA1UEChMRY3VzdG9tZXJzLXNlcnZpY2UxJzAlBgNV\nBAMTHmN1c3RvbWVycy1zZXJ2aWNlLXNlcnZlci5sb2NhbDCCASIwDQYJKoZIhvcN\nAQEBBQADggEPADCCAQoCggEBAJ/uINkxUkpDJyzxxqYTmIFUYkDuZXimJKSaO5TB\nu5t9gQnrDL5MrNLlZjc4Tz7p2OGT8d6qRmmlZWA1YsN2G/iM9wX9XGfZ8BU+9OGA\ngZmpOcUvFu5YvHg/CBnyEfEVwG3J4TAXbHII8Qo4Ep7VPzpeD99HQG32ALvEiI5p\noK+VnVFKP34sZg7RyIBQXNfZ2jK9W7XJ8DiQr2zveKS5x3pSYCoYSrCFSkjmpEUJ\nS/vJPP9FN2gW3mLAIgPYESXG5DsJeKso4Wf8BVSrjZR/e4RxclUxUCDZXMoSkZI+\njhm/ESui6rr/Ilx5upN/08hFmizEv6otclsld9hK+JOWiqsCAwEAAaA8MDoGCSqG\nSIb3DQEJDjEtMCswKQYDVR0RBCIwIIIeY3VzdG9tZXJzLXNlcnZpY2Utc2VydmVy\nLmxvY2FsMA0GCSqGSIb3DQEBCwUAA4IBAQBt1IrztSYAxc4SLYOWrMJLX9VYLmEd\nxqbUFBz9bxaHIJ4q/7pkOs0co06h/1uTHzOm+wMoriJSz049RbJkMcxCP/HISOEX\nV2U9JKBzCBhrWp9EBOJuz0KrV5X5ijEXoAXpMnwsEuds5x7naNTXBmAVx1rRH4R5\ndo0np5WB55jd+veR5bnEuboBQeMkWWML9helj92zYKFa71QcxXKkxr020/svC+Ah\nFyg+57Um/oEtAONNJuotrGY1O6cBvtAaUiMRFw7JBIFcNpXZWNWQm9dTGnrMPs0C\nj0+XCxAjDihbMSO6Bwhx8J25Cn+oPGhm/1jijkCGPJdWZiyyXhXC+Q5A\n-----END CERTIFICATE REQUEST-----\n",
            "early_renewal_hours": 0,
            "id": "166544920761636023981797357251087040683",
            "is_ca_certificate": false,
            "ready_for_renewal": false,
            "set_subject_key_id": false,
            "validity_end_time": "2026-08-16T11:23:49.6350632+05:30",
            "validity_period_hours": 8760,
            "validity_start_time": "2025-08-16T11:23:49.6350632+05:30"
          },
          "sensitive_attributes": [
            [
              {
                "type": "get_attr",
                "value": "ca_private_key_pem"
              }
            ]
          ],
          "dependencies": [
            "module.vpn.tls_cert_request.server",
            "module.vpn.tls_private_key.ca",
            "module.vpn.tls_private_key.server",
            "module.vpn.tls_self_signed_cert.ca"
          ]
        }
      ]
    },
    {
      "module": "module.vpn",
      "mode": "managed",
      "type": "tls_private_key",
      "name": "ca",
      "provider": "provider[\"registry.terraform.io/hashicorp/tls\"]",
      "instances": [
        {
          "schema_version": 1,
          "attributes": {
            "algorithm": "RSA",
            "ecdsa_curve": "P224",
            "id": "a4b6d2c61e681975dd7a4938d77833ce997b5cca",
            "private_key_openssh": "-----BEGIN OPENSSH PRIVATE KEY-----\nb3BlbnNzaC1rZXktdjEAAAAABG5vbmUAAAAEbm9uZQAAAAAAAAABAAABFwAAAAdz\nc2gtcnNhAAAAAwEAAQAAAQEAuzCq5ssfYTyZH8nIOZDmHU68ngVhJbikM5L8uvmq\nRhaWf9a4rAtFxlO8gcsVPdW5cIyuq7pxUx5yZsPL+RfhZ5bzMbUiz4TICSX//TZX\nDxFv1A4KRlNBaKlC8gs1Sx60jEBs01j9sxGKDQ95vdVMzHPUs2dRy0eslF/d8J8v\nTdEq94g7LP0HEcKrQCFFvH6MagLEU+juQaUGg/jz/Dw57To5eTb+UlcJ9l3eE4vu\n76ZKqjFxLO6u650Cqz7+YVDTGSjxdPmrYmCK8F2L5bsqVBTETZYvdga55I0W03+J\nr3YTKxa68vttVZz10ZN2Ddl7rP/MiKCNKBmdSc2sI59XWwAAA7h+surzfrLq8wAA\nAAdzc2gtcnNhAAABAQC7MKrmyx9hPJkfycg5kOYdTryeBWEluKQzkvy6+apGFpZ/\n1risC0XGU7yByxU91blwjK6runFTHnJmw8v5F+FnlvMxtSLPhMgJJf/9NlcPEW/U\nDgpGU0FoqULyCzVLHrSMQGzTWP2zEYoND3m91UzMc9SzZ1HLR6yUX93wny9N0Sr3\niDss/QcRwqtAIUW8foxqAsRT6O5BpQaD+PP8PDntOjl5Nv5SVwn2Xd4Ti+7vpkqq\nMXEs7q7rnQKrPv5hUNMZKPF0+atiYIrwXYvluypUFMRNli92BrnkjRbTf4mvdhMr\nFrry+21VnPXRk3YN2Xus/8yIoI0oGZ1Jzawjn1dbAAAAAwEAAQAAAQACs1mL2dta\nikbFRCJ83h/LxXKILxivNCI+Uj0OL4Lq3vGN55mjdcgsa9HY54anbTlvK8BrXtW6\ntsI8xE9hiRwp4+4fRfc6GjbOlvtB+nI4F+7OluNED3hum56JImtC6a7+JQHM7MhA\nOJ0Owi3l9LlWa8diTTfLYH3XaCiqC4nhrAACyw2foHV4X3gXq99dkjoYHh6bpzAc\nWWACShD/hrN1UBCZvWiuEYJyWqd940AhE4qKhvNXyMv1uWjQGhV3R/h8R+WSyIrL\nE6DiUvoHNK87LXpVTpyb+zmIYc3fLNiJthWGIBNLe4qNBgPZr5i9uTnQv1Dh418s\nNfl0/63GzkFpAAAAgQDCNITS+T+bu2buGfwLnpQ447TfNYFihgs6oDVZ0sQKncTU\nN5ch7ohRkBSTYrYDpSzavKt270jWkdO4MbMIOoDGCYpWR8jpooSMfpe12ugcxuAK\n+MkdmrQLBBUSwpEgO5RDs7dyCBMeW+gsvEbcQa0PlsfqeliGEx4NkGQRQuxINwAA\nAIEA8l6WKvRa1Fm/7rM5QiiUD6YG6szWWp27euwIbulWonGlNmxnSBMyq68VqzSw\n0h1GZvKim9iDOwvp0mEogxjOTudVgKNSV7L5sSaAh+9d3BC1xvPYCoZM8Kr8G5Od\nHezf3zaRhcu7YWuJqVkhC1KYwxxRGah7DTUnHN/OhOU61DkAAACBAMW3qLYCuxTY\nhJLQ4CbtPZCSpfV6IarqUBCgLVy0wVCKd6iI81aKXGklRlhb4TM0v5HuHhk52Qrz\nOtPStlhBwhJor5rfbk/cxk2Mtcu7JYwIbMuW8tQ50o5xHZIQ/BXHkAwY6QC/Da1E\nfXgkqYka1rWYF7eO/Ha4jzlZCaNjv5AzAAAAAAEC\n-----END OPENSSH PRIVATE KEY-----\n",
            "private_key_pem": "-----BEGIN RSA PRIVATE KEY-----\nMIIEowIBAAKCAQEAuzCq5ssfYTyZH8nIOZDmHU68ngVhJbikM5L8uvmqRhaWf9a4\nrAtFxlO8gcsVPdW5cIyuq7pxUx5yZsPL+RfhZ5bzMbUiz4TICSX//TZXDxFv1A4K\nRlNBaKlC8gs1Sx60jEBs01j9sxGKDQ95vdVMzHPUs2dRy0eslF/d8J8vTdEq94g7\nLP0HEcKrQCFFvH6MagLEU+juQaUGg/jz/Dw57To5eTb+UlcJ9l3eE4vu76ZKqjFx\nLO6u650Cqz7+YVDTGSjxdPmrYmCK8F2L5bsqVBTETZYvdga55I0W03+Jr3YTKxa6\n8vttVZz10ZN2Ddl7rP/MiKCNKBmdSc2sI59XWwIDAQABAoIBAAKzWYvZ21qKRsVE\nInzeH8vFcogvGK80Ij5SPQ4vgure8Y3nmaN1yCxr0djnhqdtOW8rwGte1bq2wjzE\nT2GJHCnj7h9F9zoaNs6W+0H6cjgX7s6W40QPeG6bnokia0Lprv4lAczsyEA4nQ7C\nLeX0uVZrx2JNN8tgfddoKKoLieGsAALLDZ+gdXhfeBer312SOhgeHpunMBxZYAJK\nEP+Gs3VQEJm9aK4RgnJap33jQCETioqG81fIy/W5aNAaFXdH+HxH5ZLIissToOJS\n+gc0rzstelVOnJv7OYhhzd8s2Im2FYYgE0t7io0GA9mvmL25OdC/UOHjXyw1+XT/\nrcbOQWkCgYEA8l6WKvRa1Fm/7rM5QiiUD6YG6szWWp27euwIbulWonGlNmxnSBMy\nq68VqzSw0h1GZvKim9iDOwvp0mEogxjOTudVgKNSV7L5sSaAh+9d3BC1xvPYCoZM\n8Kr8G5OdHezf3zaRhcu7YWuJqVkhC1KYwxxRGah7DTUnHN/OhOU61DkCgYEAxbeo\ntgK7FNiEktDgJu09kJKl9XohqupQEKAtXLTBUIp3qIjzVopcaSVGWFvhMzS/ke4e\nGTnZCvM609K2WEHCEmivmt9uT9zGTYy1y7sljAhsy5by1DnSjnEdkhD8FceQDBjp\nAL8NrUR9eCSpiRrWtZgXt478driPOVkJo2O/kDMCgYAZRvocYr2yVeXpjDGVj8vZ\nUfR4uoJEkxzBdipu/tD1Qir74RRodPAc7bax0135m+oCxJ1m6Y7OMrDhKxbhjU2+\n9ut47g+ha94UtrJC+xjr4aZDqJzIhDc0BnEioyOIwnKawgMtVBEn2OJTkiMbHjMm\nbiabKXIj734zybetLocTKQKBgDA07mqqUcjsXa6aRPzYvTkBuHsYsxrEFI9pLoY7\nACNOD4zFD2ebRprQXs1uYYMlqku/XhFSfGviEAbTimgMaHAqnB5Luc65CpSf6Tdq\nQuZYq4YcIMrD6mWWiNozT/NTe/inHjBzZLdJSro/XiKyq4UNN0MnFsEvkKQv5Fy1\nFmDnAoGBAMI0hNL5P5u7Zu4Z/AuelDjjtN81gWKGCzqgNVnSxAqdxNQ3lyHuiFGQ\nFJNitgOlLNq8q3bvSNaR07gxswg6gMYJilZHyOmihIx+l7Xa6BzG4Ar4yR2atAsE\nFRLCkSA7lEOzt3IIEx5b6Cy8RtxBrQ+Wx+p6WIYTHg2QZBFC7Eg3\n-----END RSA PRIVATE KEY-----\n",
            "private_key_pem_pkcs8": "-----BEGIN PRIVATE KEY-----\nMIIEvQIBADANBgkqhkiG9w0BAQEFAASCBKcwggSjAgEAAoIBAQC7MKrmyx9hPJkf\nycg5kOYdTryeBWEluKQzkvy6+apGFpZ/1risC0XGU7yByxU91blwjK6runFTHnJm\nw8v5F+FnlvMxtSLPhMgJJf/9NlcPEW/UDgpGU0FoqULyCzVLHrSMQGzTWP2zEYoN\nD3m91UzMc9SzZ1HLR6yUX93wny9N0Sr3iDss/QcRwqtAIUW8foxqAsRT6O5BpQaD\n+PP8PDntOjl5Nv5SVwn2Xd4Ti+7vpkqqMXEs7q7rnQKrPv5hUNMZKPF0+atiYIrw\nXYvluypUFMRNli92BrnkjRbTf4mvdhMrFrry+21VnPXRk3YN2Xus/8yIoI0oGZ1J\nzawjn1dbAgMBAAECggEAArNZi9nbWopGxUQifN4fy8VyiC8YrzQiPlI9Di+C6t7x\njeeZo3XILGvR2OeGp205byvAa17VurbCPMRPYYkcKePuH0X3Oho2zpb7QfpyOBfu\nzpbjRA94bpueiSJrQumu/iUBzOzIQDidDsIt5fS5VmvHYk03y2B912goqguJ4awA\nAssNn6B1eF94F6vfXZI6GB4em6cwHFlgAkoQ/4azdVAQmb1orhGCclqnfeNAIROK\niobzV8jL9blo0BoVd0f4fEflksiKyxOg4lL6BzSvOy16VU6cm/s5iGHN3yzYibYV\nhiATS3uKjQYD2a+Yvbk50L9Q4eNfLDX5dP+txs5BaQKBgQDyXpYq9FrUWb/uszlC\nKJQPpgbqzNZanbt67Ahu6VaicaU2bGdIEzKrrxWrNLDSHUZm8qKb2IM7C+nSYSiD\nGM5O51WAo1JXsvmxJoCH713cELXG89gKhkzwqvwbk50d7N/fNpGFy7tha4mpWSEL\nUpjDHFEZqHsNNScc386E5TrUOQKBgQDFt6i2ArsU2ISS0OAm7T2QkqX1eiGq6lAQ\noC1ctMFQineoiPNWilxpJUZYW+EzNL+R7h4ZOdkK8zrT0rZYQcISaK+a325P3MZN\njLXLuyWMCGzLlvLUOdKOcR2SEPwVx5AMGOkAvw2tRH14JKmJGta1mBe3jvx2uI85\nWQmjY7+QMwKBgBlG+hxivbJV5emMMZWPy9lR9Hi6gkSTHMF2Km7+0PVCKvvhFGh0\n8BzttrHTXfmb6gLEnWbpjs4ysOErFuGNTb7263juD6Fr3hS2skL7GOvhpkOonMiE\nNzQGcSKjI4jCcprCAy1UESfY4lOSIxseMyZuJpspciPvfjPJt60uhxMpAoGAMDTu\naqpRyOxdrppE/Ni9OQG4exizGsQUj2kuhjsAI04PjMUPZ5tGmtBezW5hgyWqS79e\nEVJ8a+IQBtOKaAxocCqcHku5zrkKlJ/pN2pC5lirhhwgysPqZZaI2jNP81N7+Kce\nMHNkt0lKuj9eIrKrhQ03QycWwS+QpC/kXLUWYOcCgYEAwjSE0vk/m7tm7hn8C56U\nOOO03zWBYoYLOqA1WdLECp3E1DeXIe6IUZAUk2K2A6Us2ryrdu9I1pHTuDGzCDqA\nxgmKVkfI6aKEjH6XtdroHMbgCvjJHZq0CwQVEsKRIDuUQ7O3cggTHlvoLLxG3EGt\nD5bH6npYhhMeDZBkEULsSDc=\n-----END PRIVATE KEY-----\n",
            "public_key_fingerprint_md5": "4e:7f:9c:42:dd:59:a0:0c:23:e4:6a:1d:59:58:70:d3",
            "public_key_fingerprint_sha256": "SHA256:0o+PQkKWFx4Ty0MpTx6we3fFExQCzh3EaUCWnDM1YVE",
            "public_key_openssh": "ssh-rsa AAAAB3NzaC1yc2EAAAADAQABAAABAQC7MKrmyx9hPJkfycg5kOYdTryeBWEluKQzkvy6+apGFpZ/1risC0XGU7yByxU91blwjK6runFTHnJmw8v5F+FnlvMxtSLPhMgJJf/9NlcPEW/UDgpGU0FoqULyCzVLHrSMQGzTWP2zEYoND3m91UzMc9SzZ1HLR6yUX93wny9N0Sr3iDss/QcRwqtAIUW8foxqAsRT6O5BpQaD+PP8PDntOjl5Nv5SVwn2Xd4Ti+7vpkqqMXEs7q7rnQKrPv5hUNMZKPF0+atiYIrwXYvluypUFMRNli92BrnkjRbTf4mvdhMrFrry+21VnPXRk3YN2Xus/8yIoI0oGZ1Jzawjn1db\n",
            "public_key_pem": "-----BEGIN PUBLIC KEY-----\nMIIBIjANBgkqhkiG9w0BAQEFAAOCAQ8AMIIBCgKCAQEAuzCq5ssfYTyZH8nIOZDm\nHU68ngVhJbikM5L8uvmqRhaWf9a4rAtFxlO8gcsVPdW5cIyuq7pxUx5yZsPL+Rfh\nZ5bzMbUiz4TICSX//TZXDxFv1A4KRlNBaKlC8gs1Sx60jEBs01j9sxGKDQ95vdVM\nzHPUs2dRy0eslF/d8J8vTdEq94g7LP0HEcKrQCFFvH6MagLEU+juQaUGg/jz/Dw5\n7To5eTb+UlcJ9l3eE4vu76ZKqjFxLO6u650Cqz7+YVDTGSjxdPmrYmCK8F2L5bsq\nVBTETZYvdga55I0W03+Jr3YTKxa68vttVZz10ZN2Ddl7rP/MiKCNKBmdSc2sI59X\nWwIDAQAB\n-----END PUBLIC KEY-----\n",
            "rsa_bits": 2048
          },
          "sensitive_attributes": [
            [
              {
                "type": "get_attr",
                "value": "private_key_pem_pkcs8"
              }
            ],
            [
              {
                "type": "get_attr",
                "value": "private_key_openssh"
              }
            ],
            [
              {
                "type": "get_attr",
                "value": "private_key_pem"
              }
            ]
          ]
        }
      ]
    },
    {
      "module": "module.vpn",
      "mode": "managed",
      "type": "tls_private_key",
      "name": "client",
      "provider": "provider[\"registry.terraform.io/hashicorp/tls\"]",
      "instances": [
        {
          "schema_version": 1,
          "attributes": {
            "algorithm": "RSA",
            "ecdsa_curve": "P224",
            "id": "ebfd694aa003cb1e9e6c0a00d16ce93733e9f060",
            "private_key_openssh": "-----BEGIN OPENSSH PRIVATE KEY-----\nb3BlbnNzaC1rZXktdjEAAAAABG5vbmUAAAAEbm9uZQAAAAAAAAABAAABFwAAAAdz\nc2gtcnNhAAAAAwEAAQAAAQEA904M9P8i5t1WFTcVByFxR1KVxSNeZCI9DhY8Dt2E\nExcgopq26QD4KJfupM6dxfp6sF9yHXi27KOLWgAzkMvBfFbzYhI0KQYSCgjuKjSS\niNZbOBX2liujd9CBlMVCBUj+hRpbQ0/J/VXLWsxd1NzDwfVa7snAGRdX35uz1I/0\nsJtKf+xwCuXujQ/mi1W0GSdAvHaPtMVIt5g76b7Hw+p54x3wRphX3m7JV/1ZFLbx\nMqc85oTzuqE/DJdT/Idlg/S8CnexiMR/x6sRhI4lr6q4j5Zqzh7CtccRWYp1AbZ+\naKN3XUoOFxicNHI/eC77SrLZP4IqeWs2uaHW0hjfimpwuQAAA7jK+ze4yvs3uAAA\nAAdzc2gtcnNhAAABAQD3Tgz0/yLm3VYVNxUHIXFHUpXFI15kIj0OFjwO3YQTFyCi\nmrbpAPgol+6kzp3F+nqwX3IdeLbso4taADOQy8F8VvNiEjQpBhIKCO4qNJKI1ls4\nFfaWK6N30IGUxUIFSP6FGltDT8n9VctazF3U3MPB9VruycAZF1ffm7PUj/Swm0p/\n7HAK5e6ND+aLVbQZJ0C8do+0xUi3mDvpvsfD6nnjHfBGmFfebslX/VkUtvEypzzm\nhPO6oT8Ml1P8h2WD9LwKd7GIxH/HqxGEjiWvqriPlmrOHsK1xxFZinUBtn5oo3dd\nSg4XGJw0cj94LvtKstk/gip5aza5odbSGN+KanC5AAAAAwEAAQAAAQAh4tv7pgoO\nQD3PYmDLPVXcRACpppMEfXyINZu9HbU/OGgMX864Vp2qUkcs5fLQceXlzO5CA4xt\nGGu7xVNLf9/fPbrTsVLcXCyUm2ym89UwUs7k/H1xTkFz5WocDHtjZgEaE+Z1brVq\ntRrMMjyZMjbQmOIA3jwoM/6icR9O/Pq2SAwTcGsf2leoxvns5lIU3VxYJEIQDnm7\nGj7ESlTCRpMl2PGj35r/6cNPv47i6ucicvlm57X5wyM+2vXLXEmYFO2dMIXYSnsb\neoVS2DPGJnaWb2ZKw0B8fUsP+Hhrod7ll3VWK6boZGNxF2sRpYvJpufquT9xnJW7\n0uIx+AUTv5LRAAAAgQCdD3xBnPkSi/KGvNiadjNxiTJSwQuzHpGnDbvb7JHWEkXb\n0vL/dx+eqN3QRKjHuQhUM/d61hpHuhwuCNGowb7/PTjBxa61fzn3k2+ocrpCOKhX\n4JR4Xghys8S9OFylK5LUfV1l4bVJtF3qdF0xtNEIAHDqnMzxDFHfR2HBTEgFfwAA\nAIEA+GRj1ncQhID6x2lVQNPQ01jkmBJTojVJlhUDVZC06TbeQV5gyNQAixnVJBDs\nDpqi9n1CphVpjuFAEguOQvy0/rN+xLOmRg54KE2pfaliW1N8mq+zJALe0h8ntCky\nE7HyG+XlDddxXFyH1nJQlRDujsjC1DayS8qY/p8MfAWBBHMAAACBAP7hIrJttJZQ\n/wlbPQemDUyBUK27vlerIY1bJMfvJtCErWVVbGMnB92AU85Q8MyMGOs/Jlcul+bY\n8oyt+j97UV24otvuxAtBwwYGgB7HKN7c1AFRk41fnRz7kWGDRUkW+2TicQ66tojH\n+9o5vENa33/l5QT9KZljyO30fwRsfZcjAAAAAAEC\n-----END OPENSSH PRIVATE KEY-----\n",
            "private_key_pem": "-----BEGIN RSA PRIVATE KEY-----\nMIIEpAIBAAKCAQEA904M9P8i5t1WFTcVByFxR1KVxSNeZCI9DhY8Dt2EExcgopq2\n6QD4KJfupM6dxfp6sF9yHXi27KOLWgAzkMvBfFbzYhI0KQYSCgjuKjSSiNZbOBX2\nliujd9CBlMVCBUj+hRpbQ0/J/VXLWsxd1NzDwfVa7snAGRdX35uz1I/0sJtKf+xw\nCuXujQ/mi1W0GSdAvHaPtMVIt5g76b7Hw+p54x3wRphX3m7JV/1ZFLbxMqc85oTz\nuqE/DJdT/Idlg/S8CnexiMR/x6sRhI4lr6q4j5Zqzh7CtccRWYp1AbZ+aKN3XUoO\nFxicNHI/eC77SrLZP4IqeWs2uaHW0hjfimpwuQIDAQABAoIBACHi2/umCg5APc9i\nYMs9VdxEAKmmkwR9fIg1m70dtT84aAxfzrhWnapSRyzl8tBx5eXM7kIDjG0Ya7vF\nU0t/3989utOxUtxcLJSbbKbz1TBSzuT8fXFOQXPlahwMe2NmARoT5nVutWq1Gswy\nPJkyNtCY4gDePCgz/qJxH078+rZIDBNwax/aV6jG+ezmUhTdXFgkQhAOebsaPsRK\nVMJGkyXY8aPfmv/pw0+/juLq5yJy+WbntfnDIz7a9ctcSZgU7Z0whdhKext6hVLY\nM8YmdpZvZkrDQHx9Sw/4eGuh3uWXdVYrpuhkY3EXaxGli8mm5+q5P3GclbvS4jH4\nBRO/ktECgYEA+GRj1ncQhID6x2lVQNPQ01jkmBJTojVJlhUDVZC06TbeQV5gyNQA\nixnVJBDsDpqi9n1CphVpjuFAEguOQvy0/rN+xLOmRg54KE2pfaliW1N8mq+zJALe\n0h8ntCkyE7HyG+XlDddxXFyH1nJQlRDujsjC1DayS8qY/p8MfAWBBHMCgYEA/uEi\nsm20llD/CVs9B6YNTIFQrbu+V6shjVskx+8m0IStZVVsYycH3YBTzlDwzIwY6z8m\nVy6X5tjyjK36P3tRXbii2+7EC0HDBgaAHsco3tzUAVGTjV+dHPuRYYNFSRb7ZOJx\nDrq2iMf72jm8Q1rff+XlBP0pmWPI7fR/BGx9lyMCgYEA8H9S4y35AjJXnYfxEYmE\noX1qJ4tnCqEJlJTX25r2bu+/Fg+pKgmKVSQ36GmyBRnYO0xgoaoNwFd7z3z8ywMe\nw5VLYmyGy0HrOSqotpCwOLiG5sbDblSRJWUg7iEM6WDbiAN5WYOFsOWuaAXa29m/\nAOSFLy+eRh/tLmsUjWhO2N0CgYBootKUv9cIct4Q4EUQ08nX46rUeCPvZ9ERcB6M\nehDMP/vTgxtJJWfkNl+xbqc8wjMkuLsrxXQVEHGa8X2v/BduS3OIqOAQ4wGGgrqs\naATOYYgjtnLF8j/U+y43AyY5mFbClvflHR/8zWUGtPcmC7N/lUjNIIWodD+z+NEA\nZu20UwKBgQCdD3xBnPkSi/KGvNiadjNxiTJSwQuzHpGnDbvb7JHWEkXb0vL/dx+e\nqN3QRKjHuQhUM/d61hpHuhwuCNGowb7/PTjBxa61fzn3k2+ocrpCOKhX4JR4Xghy\ns8S9OFylK5LUfV1l4bVJtF3qdF0xtNEIAHDqnMzxDFHfR2HBTEgFfw==\n-----END RSA PRIVATE KEY-----\n",
            "private_key_pem_pkcs8": "-----BEGIN PRIVATE KEY-----\nMIIEvgIBADANBgkqhkiG9w0BAQEFAASCBKgwggSkAgEAAoIBAQD3Tgz0/yLm3VYV\nNxUHIXFHUpXFI15kIj0OFjwO3YQTFyCimrbpAPgol+6kzp3F+nqwX3IdeLbso4ta\nADOQy8F8VvNiEjQpBhIKCO4qNJKI1ls4FfaWK6N30IGUxUIFSP6FGltDT8n9Vcta\nzF3U3MPB9VruycAZF1ffm7PUj/Swm0p/7HAK5e6ND+aLVbQZJ0C8do+0xUi3mDvp\nvsfD6nnjHfBGmFfebslX/VkUtvEypzzmhPO6oT8Ml1P8h2WD9LwKd7GIxH/HqxGE\njiWvqriPlmrOHsK1xxFZinUBtn5oo3ddSg4XGJw0cj94LvtKstk/gip5aza5odbS\nGN+KanC5AgMBAAECggEAIeLb+6YKDkA9z2Jgyz1V3EQAqaaTBH18iDWbvR21Pzho\nDF/OuFadqlJHLOXy0HHl5czuQgOMbRhru8VTS3/f3z2607FS3FwslJtspvPVMFLO\n5Px9cU5Bc+VqHAx7Y2YBGhPmdW61arUazDI8mTI20JjiAN48KDP+onEfTvz6tkgM\nE3BrH9pXqMb57OZSFN1cWCRCEA55uxo+xEpUwkaTJdjxo9+a/+nDT7+O4urnInL5\nZue1+cMjPtr1y1xJmBTtnTCF2Ep7G3qFUtgzxiZ2lm9mSsNAfH1LD/h4a6He5Zd1\nVium6GRjcRdrEaWLyabn6rk/cZyVu9LiMfgFE7+S0QKBgQD4ZGPWdxCEgPrHaVVA\n09DTWOSYElOiNUmWFQNVkLTpNt5BXmDI1ACLGdUkEOwOmqL2fUKmFWmO4UASC45C\n/LT+s37Es6ZGDngoTal9qWJbU3yar7MkAt7SHye0KTITsfIb5eUN13FcXIfWclCV\nEO6OyMLUNrJLypj+nwx8BYEEcwKBgQD+4SKybbSWUP8JWz0Hpg1MgVCtu75XqyGN\nWyTH7ybQhK1lVWxjJwfdgFPOUPDMjBjrPyZXLpfm2PKMrfo/e1FduKLb7sQLQcMG\nBoAexyje3NQBUZONX50c+5Fhg0VJFvtk4nEOuraIx/vaObxDWt9/5eUE/SmZY8jt\n9H8EbH2XIwKBgQDwf1LjLfkCMledh/ERiYShfWoni2cKoQmUlNfbmvZu778WD6kq\nCYpVJDfoabIFGdg7TGChqg3AV3vPfPzLAx7DlUtibIbLQes5Kqi2kLA4uIbmxsNu\nVJElZSDuIQzpYNuIA3lZg4Ww5a5oBdrb2b8A5IUvL55GH+0uaxSNaE7Y3QKBgGii\n0pS/1why3hDgRRDTydfjqtR4I+9n0RFwHox6EMw/+9ODG0klZ+Q2X7FupzzCMyS4\nuyvFdBUQcZrxfa/8F25Lc4io4BDjAYaCuqxoBM5hiCO2csXyP9T7LjcDJjmYVsKW\n9+UdH/zNZQa09yYLs3+VSM0ghah0P7P40QBm7bRTAoGBAJ0PfEGc+RKL8oa82Jp2\nM3GJMlLBC7MekacNu9vskdYSRdvS8v93H56o3dBEqMe5CFQz93rWGke6HC4I0ajB\nvv89OMHFrrV/OfeTb6hyukI4qFfglHheCHKzxL04XKUrktR9XWXhtUm0Xep0XTG0\n0QgAcOqczPEMUd9HYcFMSAV/\n-----END PRIVATE KEY-----\n",
            "public_key_fingerprint_md5": "a4:11:09:6a:af:8e:57:09:f7:bf:1a:09:66:0b:b8:f6",
            "public_key_fingerprint_sha256": "SHA256:LHGLPneiN13lQLvRpmP95RympV6+KAJOEOioEIof938",
            "public_key_openssh": "ssh-rsa AAAAB3NzaC1yc2EAAAADAQABAAABAQD3Tgz0/yLm3VYVNxUHIXFHUpXFI15kIj0OFjwO3YQTFyCimrbpAPgol+6kzp3F+nqwX3IdeLbso4taADOQy8F8VvNiEjQpBhIKCO4qNJKI1ls4FfaWK6N30IGUxUIFSP6FGltDT8n9VctazF3U3MPB9VruycAZF1ffm7PUj/Swm0p/7HAK5e6ND+aLVbQZJ0C8do+0xUi3mDvpvsfD6nnjHfBGmFfebslX/VkUtvEypzzmhPO6oT8Ml1P8h2WD9LwKd7GIxH/HqxGEjiWvqriPlmrOHsK1xxFZinUBtn5oo3ddSg4XGJw0cj94LvtKstk/gip5aza5odbSGN+KanC5\n",
            "public_key_pem": "-----BEGIN PUBLIC KEY-----\nMIIBIjANBgkqhkiG9w0BAQEFAAOCAQ8AMIIBCgKCAQEA904M9P8i5t1WFTcVByFx\nR1KVxSNeZCI9DhY8Dt2EExcgopq26QD4KJfupM6dxfp6sF9yHXi27KOLWgAzkMvB\nfFbzYhI0KQYSCgjuKjSSiNZbOBX2liujd9CBlMVCBUj+hRpbQ0/J/VXLWsxd1NzD\nwfVa7snAGRdX35uz1I/0sJtKf+xwCuXujQ/mi1W0GSdAvHaPtMVIt5g76b7Hw+p5\n4x3wRphX3m7JV/1ZFLbxMqc85oTzuqE/DJdT/Idlg/S8CnexiMR/x6sRhI4lr6q4\nj5Zqzh7CtccRWYp1AbZ+aKN3XUoOFxicNHI/eC77SrLZP4IqeWs2uaHW0hjfimpw\nuQIDAQAB\n-----END PUBLIC KEY-----\n",
            "rsa_bits": 2048
          },
          "sensitive_attributes": [
            [
              {
                "type": "get_attr",
                "value": "private_key_openssh"
              }
            ],
            [
              {
                "type": "get_attr",
                "value": "private_key_pem_pkcs8"
              }
            ],
            [
              {
                "type": "get_attr",
                "value": "private_key_pem"
              }
            ]
          ]
        }
      ]
    },
    {
      "module": "module.vpn",
      "mode": "managed",
      "type": "tls_private_key",
      "name": "server",
      "provider": "provider[\"registry.terraform.io/hashicorp/tls\"]",
      "instances": [
        {
          "schema_version": 1,
          "attributes": {
            "algorithm": "RSA",
            "ecdsa_curve": "P224",
            "id": "77bfba68e7fd7a47c5743421fd93c1e5796887b9",
            "private_key_openssh": "-----BEGIN OPENSSH PRIVATE KEY-----\nb3BlbnNzaC1rZXktdjEAAAAABG5vbmUAAAAEbm9uZQAAAAAAAAABAAABFwAAAAdz\nc2gtcnNhAAAAAwEAAQAAAQEAn+4g2TFSSkMnLPHGphOYgVRiQO5leKYkpJo7lMG7\nm32BCesMvkys0uVmNzhPPunY4ZPx3qpGaaVlYDViw3Yb+Iz3Bf1cZ9nwFT704YCB\nmak5xS8W7li8eD8IGfIR8RXAbcnhMBdscgjxCjgSntU/Ol4P30dAbfYAu8SIjmmg\nr5WdUUo/fixmDtHIgFBc19naMr1btcnwOJCvbO94pLnHelJgKhhKsIVKSOakRQlL\n+8k8/0U3aBbeYsAiA9gRJcbkOwl4qyjhZ/wFVKuNlH97hHFyVTFQINlcyhKRkj6O\nGb8RK6Lquv8iXHm6k3/TyEWaLMS/qi1yWyV32Er4k5aKqwAAA7i7z4Mau8+DGgAA\nAAdzc2gtcnNhAAABAQCf7iDZMVJKQycs8camE5iBVGJA7mV4piSkmjuUwbubfYEJ\n6wy+TKzS5WY3OE8+6djhk/HeqkZppWVgNWLDdhv4jPcF/Vxn2fAVPvThgIGZqTnF\nLxbuWLx4PwgZ8hHxFcBtyeEwF2xyCPEKOBKe1T86Xg/fR0Bt9gC7xIiOaaCvlZ1R\nSj9+LGYO0ciAUFzX2doyvVu1yfA4kK9s73ikucd6UmAqGEqwhUpI5qRFCUv7yTz/\nRTdoFt5iwCID2BElxuQ7CXirKOFn/AVUq42Uf3uEcXJVMVAg2VzKEpGSPo4ZvxEr\nouq6/yJcebqTf9PIRZosxL+qLXJbJXfYSviTloqrAAAAAwEAAQAAAQAJfzF81Dyd\nDk8gOxyJtiDYj93kby5Ks3Wk6fJfIKtMThqV2oWqMzwRVe/zmCi/L/xiANAHDI4b\n2JIkMWdeUKrT3+23RwFFZXVSkvzQUI+MRAvwf/MDpPSkIKdm1a9nuoaaaQzcjIzd\nr1bo6BrVoGIdzCzIccm1/eVd67YUMYTfiDyB6BoHPAndV75e3mjoBjwG/ufAK1Jr\nKAh3jf+/d6NzsIahSf+8RNegJAgdXB0eKGiH8fuuVFoE0gLOC2bBkMqPZ6VgEkcW\nYy2GGACVsHK6FrmHC0HbMxEkoUD3ogysm+53hj/YIQO70i4syrLMuANvdk9qF7ri\nkMDDsaETZlXBAAAAgQCDaxkmpg0O8EGXfN+VQTujphbgrwjM6X4emcmWMqFxwE/h\nyBxSP3SomjYGdI2v7Sh8K3vGEIZbFJHJnEkuNa4MZV+xpBm/p0rkVucMi087vckr\noWrLePmWGcWyK05MInNSFTVVeIsExv9qQkIyozELw5pszqj9bXLUiamhTZewoAAA\nAIEAxLa5G8BCHflY9gNexIq8lcJEsWjRv9mH0OKsdoANyPRPpdiKky0j0lOElHUD\n/yPKTeA6zJUcEGh63bBiKmcrtfIfHye1ZC7cwd3flM/3dPBBfgEsRP7Gl26Yu5aj\nmvmFn7JPUEb/UlwIjU2sZbgyXQdjQEad9ltsw3nK96Ou2mEAAACBANAhZqvBjPmP\nNzDo/lPWgDir1Su7Y9tOXLjDxJ8+K3C+GhTHyZkxNBYTnwviP8VAAXnlqtE/V31n\n4fYbqgkQEtRIYCgyJV/AykeRiQb5kjHIsfbMnIuH160xCuknlxH/+TaoOb+0V8sf\nbk39bj2p+PW94Rmexr4LziZLneI3GPiLAAAAAAEC\n-----END OPENSSH PRIVATE KEY-----\n",
            "private_key_pem": "-----BEGIN RSA PRIVATE KEY-----\nMIIEpAIBAAKCAQEAn+4g2TFSSkMnLPHGphOYgVRiQO5leKYkpJo7lMG7m32BCesM\nvkys0uVmNzhPPunY4ZPx3qpGaaVlYDViw3Yb+Iz3Bf1cZ9nwFT704YCBmak5xS8W\n7li8eD8IGfIR8RXAbcnhMBdscgjxCjgSntU/Ol4P30dAbfYAu8SIjmmgr5WdUUo/\nfixmDtHIgFBc19naMr1btcnwOJCvbO94pLnHelJgKhhKsIVKSOakRQlL+8k8/0U3\naBbeYsAiA9gRJcbkOwl4qyjhZ/wFVKuNlH97hHFyVTFQINlcyhKRkj6OGb8RK6Lq\nuv8iXHm6k3/TyEWaLMS/qi1yWyV32Er4k5aKqwIDAQABAoIBAAl/MXzUPJ0OTyA7\nHIm2INiP3eRvLkqzdaTp8l8gq0xOGpXahaozPBFV7/OYKL8v/GIA0AcMjhvYkiQx\nZ15QqtPf7bdHAUVldVKS/NBQj4xEC/B/8wOk9KQgp2bVr2e6hpppDNyMjN2vVujo\nGtWgYh3MLMhxybX95V3rthQxhN+IPIHoGgc8Cd1Xvl7eaOgGPAb+58ArUmsoCHeN\n/793o3OwhqFJ/7xE16AkCB1cHR4oaIfx+65UWgTSAs4LZsGQyo9npWASRxZjLYYY\nAJWwcroWuYcLQdszESShQPeiDKyb7neGP9ghA7vSLizKssy4A292T2oXuuKQwMOx\noRNmVcECgYEAxLa5G8BCHflY9gNexIq8lcJEsWjRv9mH0OKsdoANyPRPpdiKky0j\n0lOElHUD/yPKTeA6zJUcEGh63bBiKmcrtfIfHye1ZC7cwd3flM/3dPBBfgEsRP7G\nl26Yu5ajmvmFn7JPUEb/UlwIjU2sZbgyXQdjQEad9ltsw3nK96Ou2mECgYEA0CFm\nq8GM+Y83MOj+U9aAOKvVK7tj205cuMPEnz4rcL4aFMfJmTE0FhOfC+I/xUABeeWq\n0T9XfWfh9huqCRAS1EhgKDIlX8DKR5GJBvmSMcix9syci4fXrTEK6SeXEf/5Nqg5\nv7RXyx9uTf1uPan49b3hGZ7GvgvOJkud4jcY+IsCgYEAgr7MA9TiXRfI+CK/TzTD\nKWqoy53Wo4QK0FyIsm5kOyee9KUbXb0H7RiTqzSnRmJcaSxbCHUm5QT8fPJqHLLc\nC5907fkvh/nZwoUcwMUFPVUewog3C1inWCkrHKt/7FZiaQVT0BCQTQZcrMZuimFG\nICzz29nTzdVwUfBWZggGBKECgYA+euhxg0co2997pVZEIM6ZNKxn1ndhrKKVLN/n\n1igATnFR77ALdwPl5LoIPUFbm51V1KZ07oj7MqZY1XE0C0k7xQZoyrUBi8Stu3jh\nSSakH1Wde0s7b+pFKcXWvHXTh35u9A1yCVeZuLPKYdwoUtBUJU5f/JQ5FR4rzON2\nt4edhQKBgQCDaxkmpg0O8EGXfN+VQTujphbgrwjM6X4emcmWMqFxwE/hyBxSP3So\nmjYGdI2v7Sh8K3vGEIZbFJHJnEkuNa4MZV+xpBm/p0rkVucMi087vckroWrLePmW\nGcWyK05MInNSFTVVeIsExv9qQkIyozELw5pszqj9bXLUiamhTZewoA==\n-----END RSA PRIVATE KEY-----\n",
            "private_key_pem_pkcs8": "-----BEGIN PRIVATE KEY-----\nMIIEvgIBADANBgkqhkiG9w0BAQEFAASCBKgwggSkAgEAAoIBAQCf7iDZMVJKQycs\n8camE5iBVGJA7mV4piSkmjuUwbubfYEJ6wy+TKzS5WY3OE8+6djhk/HeqkZppWVg\nNWLDdhv4jPcF/Vxn2fAVPvThgIGZqTnFLxbuWLx4PwgZ8hHxFcBtyeEwF2xyCPEK\nOBKe1T86Xg/fR0Bt9gC7xIiOaaCvlZ1RSj9+LGYO0ciAUFzX2doyvVu1yfA4kK9s\n73ikucd6UmAqGEqwhUpI5qRFCUv7yTz/RTdoFt5iwCID2BElxuQ7CXirKOFn/AVU\nq42Uf3uEcXJVMVAg2VzKEpGSPo4ZvxErouq6/yJcebqTf9PIRZosxL+qLXJbJXfY\nSviTloqrAgMBAAECggEACX8xfNQ8nQ5PIDscibYg2I/d5G8uSrN1pOnyXyCrTE4a\nldqFqjM8EVXv85govy/8YgDQBwyOG9iSJDFnXlCq09/tt0cBRWV1UpL80FCPjEQL\n8H/zA6T0pCCnZtWvZ7qGmmkM3IyM3a9W6Oga1aBiHcwsyHHJtf3lXeu2FDGE34g8\ngegaBzwJ3Ve+Xt5o6AY8Bv7nwCtSaygId43/v3ejc7CGoUn/vETXoCQIHVwdHiho\nh/H7rlRaBNICzgtmwZDKj2elYBJHFmMthhgAlbByuha5hwtB2zMRJKFA96IMrJvu\nd4Y/2CEDu9IuLMqyzLgDb3ZPahe64pDAw7GhE2ZVwQKBgQDEtrkbwEId+Vj2A17E\niryVwkSxaNG/2YfQ4qx2gA3I9E+l2IqTLSPSU4SUdQP/I8pN4DrMlRwQaHrdsGIq\nZyu18h8fJ7VkLtzB3d+Uz/d08EF+ASxE/saXbpi7lqOa+YWfsk9QRv9SXAiNTaxl\nuDJdB2NARp32W2zDecr3o67aYQKBgQDQIWarwYz5jzcw6P5T1oA4q9Uru2PbTly4\nw8SfPitwvhoUx8mZMTQWE58L4j/FQAF55arRP1d9Z+H2G6oJEBLUSGAoMiVfwMpH\nkYkG+ZIxyLH2zJyLh9etMQrpJ5cR//k2qDm/tFfLH25N/W49qfj1veEZnsa+C84m\nS53iNxj4iwKBgQCCvswD1OJdF8j4Ir9PNMMpaqjLndajhArQXIiybmQ7J570pRtd\nvQftGJOrNKdGYlxpLFsIdSblBPx88mocstwLn3Tt+S+H+dnChRzAxQU9VR7CiDcL\nWKdYKSscq3/sVmJpBVPQEJBNBlysxm6KYUYgLPPb2dPN1XBR8FZmCAYEoQKBgD56\n6HGDRyjb33ulVkQgzpk0rGfWd2GsopUs3+fWKABOcVHvsAt3A+Xkugg9QVubnVXU\npnTuiPsypljVcTQLSTvFBmjKtQGLxK27eOFJJqQfVZ17Sztv6kUpxda8ddOHfm70\nDXIJV5m4s8ph3ChS0FQlTl/8lDkVHivM43a3h52FAoGBAINrGSamDQ7wQZd835VB\nO6OmFuCvCMzpfh6ZyZYyoXHAT+HIHFI/dKiaNgZ0ja/tKHwre8YQhlsUkcmcSS41\nrgxlX7GkGb+nSuRW5wyLTzu9ySuhast4+ZYZxbIrTkwic1IVNVV4iwTG/2pCQjKj\nMQvDmmzOqP1tctSJqaFNl7Cg\n-----END PRIVATE KEY-----\n",
            "public_key_fingerprint_md5": "3f:65:84:d6:60:a1:2e:d1:3c:06:aa:6e:4d:43:9a:21",
            "public_key_fingerprint_sha256": "SHA256:++fzrWRdmMaPldXA1DgGPU9VhFGYbvlccU71I8Tzl9I",
            "public_key_openssh": "ssh-rsa AAAAB3NzaC1yc2EAAAADAQABAAABAQCf7iDZMVJKQycs8camE5iBVGJA7mV4piSkmjuUwbubfYEJ6wy+TKzS5WY3OE8+6djhk/HeqkZppWVgNWLDdhv4jPcF/Vxn2fAVPvThgIGZqTnFLxbuWLx4PwgZ8hHxFcBtyeEwF2xyCPEKOBKe1T86Xg/fR0Bt9gC7xIiOaaCvlZ1RSj9+LGYO0ciAUFzX2doyvVu1yfA4kK9s73ikucd6UmAqGEqwhUpI5qRFCUv7yTz/RTdoFt5iwCID2BElxuQ7CXirKOFn/AVUq42Uf3uEcXJVMVAg2VzKEpGSPo4ZvxErouq6/yJcebqTf9PIRZosxL+qLXJbJXfYSviTloqr\n",
            "public_key_pem": "-----BEGIN PUBLIC KEY-----\nMIIBIjANBgkqhkiG9w0BAQEFAAOCAQ8AMIIBCgKCAQEAn+4g2TFSSkMnLPHGphOY\ngVRiQO5leKYkpJo7lMG7m32BCesMvkys0uVmNzhPPunY4ZPx3qpGaaVlYDViw3Yb\n+Iz3Bf1cZ9nwFT704YCBmak5xS8W7li8eD8IGfIR8RXAbcnhMBdscgjxCjgSntU/\nOl4P30dAbfYAu8SIjmmgr5WdUUo/fixmDtHIgFBc19naMr1btcnwOJCvbO94pLnH\nelJgKhhKsIVKSOakRQlL+8k8/0U3aBbeYsAiA9gRJcbkOwl4qyjhZ/wFVKuNlH97\nhHFyVTFQINlcyhKRkj6OGb8RK6Lquv8iXHm6k3/TyEWaLMS/qi1yWyV32Er4k5aK\nqwIDAQAB\n-----END PUBLIC KEY-----\n",
            "rsa_bits": 2048
          },
          "sensitive_attributes": [
            [
              {
                "type": "get_attr",
                "value": "private_key_openssh"
              }
            ],
            [
              {
                "type": "get_attr",
                "value": "private_key_pem"
              }
            ],
            [
              {
                "type": "get_attr",
                "value": "private_key_pem_pkcs8"
              }
            ]
          ]
        }
      ]
    },
    {
      "module": "module.vpn",
      "mode": "managed",
      "type": "tls_self_signed_cert",
      "name": "ca",
      "provider": "provider[\"registry.terraform.io/hashicorp/tls\"]",
      "instances": [
        {
          "schema_version": 0,
          "attributes": {
            "allowed_uses": [
              "key_encipherment",
              "digital_signature",
              "cert_signing"
            ],
            "cert_pem": "-----BEGIN CERTIFICATE-----\nMIIDQjCCAiqgAwIBAgIQQmt3tlSzROkv5CCJkj4KbjANBgkqhkiG9w0BAQsFADA7\nMRowGAYDVQQKExFjdXN0b21lcnMtc2VydmljZTEdMBsGA1UEAxMUY3VzdG9tZXJz\nLXNlcnZpY2UtY2EwHhcNMjUwODE2MDU1MzQ5WhcNMjYwODE2MDU1MzQ5WjA7MRow\nGAYDVQQKExFjdXN0b21lcnMtc2VydmljZTEdMBsGA1UEAxMUY3VzdG9tZXJzLXNl\ncnZpY2UtY2EwggEiMA0GCSqGSIb3DQEBAQUAA4IBDwAwggEKAoIBAQC7MKrmyx9h\nPJkfycg5kOYdTryeBWEluKQzkvy6+apGFpZ/1risC0XGU7yByxU91blwjK6runFT\nHnJmw8v5F+FnlvMxtSLPhMgJJf/9NlcPEW/UDgpGU0FoqULyCzVLHrSMQGzTWP2z\nEYoND3m91UzMc9SzZ1HLR6yUX93wny9N0Sr3iDss/QcRwqtAIUW8foxqAsRT6O5B\npQaD+PP8PDntOjl5Nv5SVwn2Xd4Ti+7vpkqqMXEs7q7rnQKrPv5hUNMZKPF0+ati\nYIrwXYvluypUFMRNli92BrnkjRbTf4mvdhMrFrry+21VnPXRk3YN2Xus/8yIoI0o\nGZ1Jzawjn1dbAgMBAAGjQjBAMA4GA1UdDwEB/wQEAwICpDAPBgNVHRMBAf8EBTAD\nAQH/MB0GA1UdDgQWBBSPej4ieycYP/Vz26zNNACqttOZyzANBgkqhkiG9w0BAQsF\nAAOCAQEAm0aRQ+BVhRDFVpjzMRuH+K44Sbtnv6ffoRqRfbz//wn+l4dCYWuWh2et\n3MuKM8ooixFw37cyNk7BhhvyTnW+PMuWE/HD/FmJTdtXg614DRPKGYCXBJze9kHO\nc30InhJ0/85HVKBPc37QlsXbpS4hanCBoyKwO3czY5zSUUF+ZtZHB0mKrubmrc7x\nbOh/VB+zvR8tPISx1puEXlPqUsieptzk/FErpQdwslxmE/YbiYOs7Yh1PyvgLtje\nRHEMtNAzD3qxkqKE5ezs7nTgCG6EvBkOzU1UCkfDM6AC+rAMxdApRmxWPG9l6dGK\ngjsEirxVOJ+HsEXh2mMuH1HNnk4Qdg==\n-----END CERTIFICATE-----\n",
            "dns_names": null,
            "early_renewal_hours": 0,
            "id": "88287051538149550281961048528694151790",
            "ip_addresses": null,
            "is_ca_certificate": true,
            "key_algorithm": "RSA",
            "private_key_pem": "-----BEGIN RSA PRIVATE KEY-----\nMIIEowIBAAKCAQEAuzCq5ssfYTyZH8nIOZDmHU68ngVhJbikM5L8uvmqRhaWf9a4\nrAtFxlO8gcsVPdW5cIyuq7pxUx5yZsPL+RfhZ5bzMbUiz4TICSX//TZXDxFv1A4K\nRlNBaKlC8gs1Sx60jEBs01j9sxGKDQ95vdVMzHPUs2dRy0eslF/d8J8vTdEq94g7\nLP0HEcKrQCFFvH6MagLEU+juQaUGg/jz/Dw57To5eTb+UlcJ9l3eE4vu76ZKqjFx\nLO6u650Cqz7+YVDTGSjxdPmrYmCK8F2L5bsqVBTETZYvdga55I0W03+Jr3YTKxa6\n8vttVZz10ZN2Ddl7rP/MiKCNKBmdSc2sI59XWwIDAQABAoIBAAKzWYvZ21qKRsVE\nInzeH8vFcogvGK80Ij5SPQ4vgure8Y3nmaN1yCxr0djnhqdtOW8rwGte1bq2wjzE\nT2GJHCnj7h9F9zoaNs6W+0H6cjgX7s6W40QPeG6bnokia0Lprv4lAczsyEA4nQ7C\nLeX0uVZrx2JNN8tgfddoKKoLieGsAALLDZ+gdXhfeBer312SOhgeHpunMBxZYAJK\nEP+Gs3VQEJm9aK4RgnJap33jQCETioqG81fIy/W5aNAaFXdH+HxH5ZLIissToOJS\n+gc0rzstelVOnJv7OYhhzd8s2Im2FYYgE0t7io0GA9mvmL25OdC/UOHjXyw1+XT/\nrcbOQWkCgYEA8l6WKvRa1Fm/7rM5QiiUD6YG6szWWp27euwIbulWonGlNmxnSBMy\nq68VqzSw0h1GZvKim9iDOwvp0mEogxjOTudVgKNSV7L5sSaAh+9d3BC1xvPYCoZM\n8Kr8G5OdHezf3zaRhcu7YWuJqVkhC1KYwxxRGah7DTUnHN/OhOU61DkCgYEAxbeo\ntgK7FNiEktDgJu09kJKl9XohqupQEKAtXLTBUIp3qIjzVopcaSVGWFvhMzS/ke4e\nGTnZCvM609K2WEHCEmivmt9uT9zGTYy1y7sljAhsy5by1DnSjnEdkhD8FceQDBjp\nAL8NrUR9eCSpiRrWtZgXt478driPOVkJo2O/kDMCgYAZRvocYr2yVeXpjDGVj8vZ\nUfR4uoJEkxzBdipu/tD1Qir74RRodPAc7bax0135m+oCxJ1m6Y7OMrDhKxbhjU2+\n9ut47g+ha94UtrJC+xjr4aZDqJzIhDc0BnEioyOIwnKawgMtVBEn2OJTkiMbHjMm\nbiabKXIj734zybetLocTKQKBgDA07mqqUcjsXa6aRPzYvTkBuHsYsxrEFI9pLoY7\nACNOD4zFD2ebRprQXs1uYYMlqku/XhFSfGviEAbTimgMaHAqnB5Luc65CpSf6Tdq\nQuZYq4YcIMrD6mWWiNozT/NTe/inHjBzZLdJSro/XiKyq4UNN0MnFsEvkKQv5Fy1\nFmDnAoGBAMI0hNL5P5u7Zu4Z/AuelDjjtN81gWKGCzqgNVnSxAqdxNQ3lyHuiFGQ\nFJNitgOlLNq8q3bvSNaR07gxswg6gMYJilZHyOmihIx+l7Xa6BzG4Ar4yR2atAsE\nFRLCkSA7lEOzt3IIEx5b6Cy8RtxBrQ+Wx+p6WIYTHg2QZBFC7Eg3\n-----END RSA PRIVATE KEY-----\n",
            "ready_for_renewal": false,
            "set_authority_key_id": false,
            "set_subject_key_id": false,
            "subject": [
              {
                "common_name": "customers-service-ca",
                "country": null,
                "email_address": null,
                "locality": null,
                "organization": "customers-service",
                "organizational_unit": null,
                "postal_code": null,
                "province": null,
                "serial_number": null,
                "street_address": null
              }
            ],
            "uris": null,
            "validity_end_time": "2026-08-16T11:23:49.6028704+05:30",
            "validity_period_hours": 8760,
            "validity_start_time": "2025-08-16T11:23:49.6028704+05:30"
          },
          "sensitive_attributes": [
            [
              {
                "type": "get_attr",
                "value": "private_key_pem"
              }
            ]
          ],
          "dependencies": [
            "module.vpn.tls_private_key.ca"
          ]
        }
      ]
    }
  ],
  "check_results": null
}
